// !$*UTF8*$!
{
	archiveVersion = 1;
	classes = {
	};
	objectVersion = 56;
	objects = {

/* Begin PBXBuildFile section */
		CC1EBC5629CFAA9400C43EF0 /* RxSwift.xcframework in Frameworks */ = {isa = PBXBuildFile; fileRef = CC1EBC5129CFAA9300C43EF0 /* RxSwift.xcframework */; settings = {ATTRIBUTES = (Required, ); }; };
		CC1EBC5729CFAA9400C43EF0 /* RxSwift.xcframework in Embed Frameworks */ = {isa = PBXBuildFile; fileRef = CC1EBC5129CFAA9300C43EF0 /* RxSwift.xcframework */; settings = {ATTRIBUTES = (CodeSignOnCopy, RemoveHeadersOnCopy, ); }; };
		CC1EBC5829CFAA9400C43EF0 /* RxCocoa.xcframework in Frameworks */ = {isa = PBXBuildFile; fileRef = CC1EBC5229CFAA9400C43EF0 /* RxCocoa.xcframework */; settings = {ATTRIBUTES = (Required, ); }; };
		CC1EBC5929CFAA9400C43EF0 /* RxCocoa.xcframework in Embed Frameworks */ = {isa = PBXBuildFile; fileRef = CC1EBC5229CFAA9400C43EF0 /* RxCocoa.xcframework */; settings = {ATTRIBUTES = (CodeSignOnCopy, RemoveHeadersOnCopy, ); }; };
		CC1EBC5A29CFAA9400C43EF0 /* RxBlocking.xcframework in Frameworks */ = {isa = PBXBuildFile; fileRef = CC1EBC5329CFAA9400C43EF0 /* RxBlocking.xcframework */; settings = {ATTRIBUTES = (Required, ); }; };
		CC1EBC5B29CFAA9400C43EF0 /* RxBlocking.xcframework in Embed Frameworks */ = {isa = PBXBuildFile; fileRef = CC1EBC5329CFAA9400C43EF0 /* RxBlocking.xcframework */; settings = {ATTRIBUTES = (CodeSignOnCopy, RemoveHeadersOnCopy, ); }; };
		CC1EBC5E29CFAA9400C43EF0 /* RxRelay.xcframework in Frameworks */ = {isa = PBXBuildFile; fileRef = CC1EBC5529CFAA9400C43EF0 /* RxRelay.xcframework */; settings = {ATTRIBUTES = (Required, ); }; };
		CC1EBC5F29CFAA9400C43EF0 /* RxRelay.xcframework in Embed Frameworks */ = {isa = PBXBuildFile; fileRef = CC1EBC5529CFAA9400C43EF0 /* RxRelay.xcframework */; settings = {ATTRIBUTES = (CodeSignOnCopy, RemoveHeadersOnCopy, ); }; };
		CC1EBC6329CFADDF00C43EF0 /* ServiceListVO.swift in Sources */ = {isa = PBXBuildFile; fileRef = CC1EBC6229CFADDF00C43EF0 /* ServiceListVO.swift */; };
		CC1EBC6529CFB89F00C43EF0 /* ServiceVO.swift in Sources */ = {isa = PBXBuildFile; fileRef = CC1EBC6429CFB89F00C43EF0 /* ServiceVO.swift */; };
		CC1EBC6F29CFBAAD00C43EF0 /* ServiceListNetworkWorker.swift in Sources */ = {isa = PBXBuildFile; fileRef = CC1EBC6E29CFBAAD00C43EF0 /* ServiceListNetworkWorker.swift */; };
		CC1EBC7329CFC76900C43EF0 /* ServiceListNetworkDTO.swift in Sources */ = {isa = PBXBuildFile; fileRef = CC1EBC7229CFC76900C43EF0 /* ServiceListNetworkDTO.swift */; };
		CC1EBC7529CFC7C400C43EF0 /* ServiceNetworkDTO.swift in Sources */ = {isa = PBXBuildFile; fileRef = CC1EBC7429CFC7C400C43EF0 /* ServiceNetworkDTO.swift */; };
		CC1EBC7729CFC95400C43EF0 /* ServiceListNetworkMapper.swift in Sources */ = {isa = PBXBuildFile; fileRef = CC1EBC7629CFC95400C43EF0 /* ServiceListNetworkMapper.swift */; };
		CC1EBC7929CFD8F500C43EF0 /* ServiceListErrorVO.swift in Sources */ = {isa = PBXBuildFile; fileRef = CC1EBC7829CFD8F500C43EF0 /* ServiceListErrorVO.swift */; };
		CC1EBC7F29CFDB4B00C43EF0 /* ServiceListInteractor.swift in Sources */ = {isa = PBXBuildFile; fileRef = CC1EBC7E29CFDB4B00C43EF0 /* ServiceListInteractor.swift */; };
		CC1EBC8229CFDF3100C43EF0 /* ServiceListFormatter.swift in Sources */ = {isa = PBXBuildFile; fileRef = CC1EBC8129CFDF3100C43EF0 /* ServiceListFormatter.swift */; };
		CC1EBC8429CFDFCF00C43EF0 /* ServiceListErrorFormatter.swift in Sources */ = {isa = PBXBuildFile; fileRef = CC1EBC8329CFDFCF00C43EF0 /* ServiceListErrorFormatter.swift */; };
		CC1EBC8829CFE79400C43EF0 /* ServiceListAssembly.swift in Sources */ = {isa = PBXBuildFile; fileRef = CC1EBC8729CFE79400C43EF0 /* ServiceListAssembly.swift */; };
		CC1EBC8C29D0705000C43EF0 /* ShimmerEffect.swift in Sources */ = {isa = PBXBuildFile; fileRef = CC1EBC8B29D0705000C43EF0 /* ShimmerEffect.swift */; };
		CC1EBC8E29D07E0000C43EF0 /* ServiceView.swift in Sources */ = {isa = PBXBuildFile; fileRef = CC1EBC8D29D07E0000C43EF0 /* ServiceView.swift */; };
		CC1EBC9029D0B60E00C43EF0 /* ServicePlaceholderView.swift in Sources */ = {isa = PBXBuildFile; fileRef = CC1EBC8F29D0B60E00C43EF0 /* ServicePlaceholderView.swift */; };
		CC1EBC9629D0CC3700C43EF0 /* ServiceListProcessor.swift in Sources */ = {isa = PBXBuildFile; fileRef = CC1EBC9529D0CC3700C43EF0 /* ServiceListProcessor.swift */; };
		CC1EBC9829D0CC5000C43EF0 /* ServiceListReducer.swift in Sources */ = {isa = PBXBuildFile; fileRef = CC1EBC9729D0CC5000C43EF0 /* ServiceListReducer.swift */; };
		CC1EBC9A29D0DAB000C43EF0 /* Handler.swift in Sources */ = {isa = PBXBuildFile; fileRef = CC1EBC9929D0DAB000C43EF0 /* Handler.swift */; };
		CC5E123429C78D930085324A /* GetSmsApp.swift in Sources */ = {isa = PBXBuildFile; fileRef = CC5E123329C78D930085324A /* GetSmsApp.swift */; };
		CC5E123629C78D930085324A /* ServiceListView.swift in Sources */ = {isa = PBXBuildFile; fileRef = CC5E123529C78D930085324A /* ServiceListView.swift */; };
		CC5E123829C78D940085324A /* Assets.xcassets in Resources */ = {isa = PBXBuildFile; fileRef = CC5E123729C78D940085324A /* Assets.xcassets */; };
		CC5E123B29C78D940085324A /* Preview Assets.xcassets in Resources */ = {isa = PBXBuildFile; fileRef = CC5E123A29C78D940085324A /* Preview Assets.xcassets */; };
		CC9E158829CF8DA800237F71 /* NetworkWorker.swift in Sources */ = {isa = PBXBuildFile; fileRef = CC9E158729CF8DA800237F71 /* NetworkWorker.swift */; };
		CC9E158A29CF8DDE00237F71 /* Reducer.swift in Sources */ = {isa = PBXBuildFile; fileRef = CC9E158929CF8DDE00237F71 /* Reducer.swift */; };
		CC9E158C29CF8DEF00237F71 /* Processor.swift in Sources */ = {isa = PBXBuildFile; fileRef = CC9E158B29CF8DEF00237F71 /* Processor.swift */; };
		CC9E15A129CF93D900237F71 /* Service.swift in Sources */ = {isa = PBXBuildFile; fileRef = CC9E15A029CF93D900237F71 /* Service.swift */; };
		CC9E15A329CF93F400237F71 /* ServiceList.swift in Sources */ = {isa = PBXBuildFile; fileRef = CC9E15A229CF93F400237F71 /* ServiceList.swift */; };
		CC9E15A829CF944C00237F71 /* ServiceListViewModel.swift in Sources */ = {isa = PBXBuildFile; fileRef = CC9E15A729CF944C00237F71 /* ServiceListViewModel.swift */; };
		CC9E15AA29CF949500237F71 /* ServiceListState.swift in Sources */ = {isa = PBXBuildFile; fileRef = CC9E15A929CF949500237F71 /* ServiceListState.swift */; };
		CC9E15AC29CF94BE00237F71 /* ServiceListIntent.swift in Sources */ = {isa = PBXBuildFile; fileRef = CC9E15AB29CF94BE00237F71 /* ServiceListIntent.swift */; };
/* End PBXBuildFile section */

/* Begin PBXCopyFilesBuildPhase section */
		CC1EBC6029CFAA9400C43EF0 /* Embed Frameworks */ = {
			isa = PBXCopyFilesBuildPhase;
			buildActionMask = 2147483647;
			dstPath = "";
			dstSubfolderSpec = 10;
			files = (
				CC1EBC5729CFAA9400C43EF0 /* RxSwift.xcframework in Embed Frameworks */,
				CC1EBC5B29CFAA9400C43EF0 /* RxBlocking.xcframework in Embed Frameworks */,
				CC1EBC5929CFAA9400C43EF0 /* RxCocoa.xcframework in Embed Frameworks */,
				CC1EBC5F29CFAA9400C43EF0 /* RxRelay.xcframework in Embed Frameworks */,
			);
			name = "Embed Frameworks";
			runOnlyForDeploymentPostprocessing = 0;
		};
/* End PBXCopyFilesBuildPhase section */

/* Begin PBXFileReference section */
		CC1EBC5129CFAA9300C43EF0 /* RxSwift.xcframework */ = {isa = PBXFileReference; lastKnownFileType = wrapper.xcframework; name = RxSwift.xcframework; path = ../../Downloads/RxSwift/RxSwift.xcframework; sourceTree = "<group>"; };
		CC1EBC5229CFAA9400C43EF0 /* RxCocoa.xcframework */ = {isa = PBXFileReference; lastKnownFileType = wrapper.xcframework; name = RxCocoa.xcframework; path = ../../Downloads/RxSwift/RxCocoa.xcframework; sourceTree = "<group>"; };
		CC1EBC5329CFAA9400C43EF0 /* RxBlocking.xcframework */ = {isa = PBXFileReference; lastKnownFileType = wrapper.xcframework; name = RxBlocking.xcframework; path = ../../Downloads/RxSwift/RxBlocking.xcframework; sourceTree = "<group>"; };
		CC1EBC5529CFAA9400C43EF0 /* RxRelay.xcframework */ = {isa = PBXFileReference; lastKnownFileType = wrapper.xcframework; name = RxRelay.xcframework; path = ../../Downloads/RxSwift/RxRelay.xcframework; sourceTree = "<group>"; };
		CC1EBC6229CFADDF00C43EF0 /* ServiceListVO.swift */ = {isa = PBXFileReference; lastKnownFileType = sourcecode.swift; path = ServiceListVO.swift; sourceTree = "<group>"; };
		CC1EBC6429CFB89F00C43EF0 /* ServiceVO.swift */ = {isa = PBXFileReference; lastKnownFileType = sourcecode.swift; path = ServiceVO.swift; sourceTree = "<group>"; };
		CC1EBC6E29CFBAAD00C43EF0 /* ServiceListNetworkWorker.swift */ = {isa = PBXFileReference; lastKnownFileType = sourcecode.swift; path = ServiceListNetworkWorker.swift; sourceTree = "<group>"; };
		CC1EBC7229CFC76900C43EF0 /* ServiceListNetworkDTO.swift */ = {isa = PBXFileReference; lastKnownFileType = sourcecode.swift; path = ServiceListNetworkDTO.swift; sourceTree = "<group>"; };
		CC1EBC7429CFC7C400C43EF0 /* ServiceNetworkDTO.swift */ = {isa = PBXFileReference; lastKnownFileType = sourcecode.swift; path = ServiceNetworkDTO.swift; sourceTree = "<group>"; };
		CC1EBC7629CFC95400C43EF0 /* ServiceListNetworkMapper.swift */ = {isa = PBXFileReference; lastKnownFileType = sourcecode.swift; path = ServiceListNetworkMapper.swift; sourceTree = "<group>"; };
		CC1EBC7829CFD8F500C43EF0 /* ServiceListErrorVO.swift */ = {isa = PBXFileReference; lastKnownFileType = sourcecode.swift; name = ServiceListErrorVO.swift; path = GetSms/Features/ServiceList/Data/Workers/Network/Mappers/ServiceListErrorVO.swift; sourceTree = SOURCE_ROOT; };
		CC1EBC7E29CFDB4B00C43EF0 /* ServiceListInteractor.swift */ = {isa = PBXFileReference; lastKnownFileType = sourcecode.swift; path = ServiceListInteractor.swift; sourceTree = "<group>"; };
		CC1EBC8129CFDF3100C43EF0 /* ServiceListFormatter.swift */ = {isa = PBXFileReference; lastKnownFileType = sourcecode.swift; name = ServiceListFormatter.swift; path = GetSms/Features/ServiceList/Presentation/Formatters/ServiceListFormatter.swift; sourceTree = SOURCE_ROOT; };
		CC1EBC8329CFDFCF00C43EF0 /* ServiceListErrorFormatter.swift */ = {isa = PBXFileReference; lastKnownFileType = sourcecode.swift; name = ServiceListErrorFormatter.swift; path = GetSms/Features/ServiceList/Presentation/Formatters/ServiceListErrorFormatter.swift; sourceTree = SOURCE_ROOT; };
		CC1EBC8729CFE79400C43EF0 /* ServiceListAssembly.swift */ = {isa = PBXFileReference; lastKnownFileType = sourcecode.swift; path = ServiceListAssembly.swift; sourceTree = "<group>"; };
		CC1EBC8B29D0705000C43EF0 /* ShimmerEffect.swift */ = {isa = PBXFileReference; lastKnownFileType = sourcecode.swift; path = ShimmerEffect.swift; sourceTree = "<group>"; };
		CC1EBC8D29D07E0000C43EF0 /* ServiceView.swift */ = {isa = PBXFileReference; lastKnownFileType = sourcecode.swift; path = ServiceView.swift; sourceTree = "<group>"; };
		CC1EBC8F29D0B60E00C43EF0 /* ServicePlaceholderView.swift */ = {isa = PBXFileReference; lastKnownFileType = sourcecode.swift; path = ServicePlaceholderView.swift; sourceTree = "<group>"; };
		CC1EBC9529D0CC3700C43EF0 /* ServiceListProcessor.swift */ = {isa = PBXFileReference; lastKnownFileType = sourcecode.swift; path = ServiceListProcessor.swift; sourceTree = "<group>"; };
		CC1EBC9729D0CC5000C43EF0 /* ServiceListReducer.swift */ = {isa = PBXFileReference; lastKnownFileType = sourcecode.swift; path = ServiceListReducer.swift; sourceTree = "<group>"; };
		CC1EBC9929D0DAB000C43EF0 /* Handler.swift */ = {isa = PBXFileReference; lastKnownFileType = sourcecode.swift; path = Handler.swift; sourceTree = "<group>"; };
		CC5E123029C78D930085324A /* GetSms.app */ = {isa = PBXFileReference; explicitFileType = wrapper.application; includeInIndex = 0; path = GetSms.app; sourceTree = BUILT_PRODUCTS_DIR; };
		CC5E123329C78D930085324A /* GetSmsApp.swift */ = {isa = PBXFileReference; lastKnownFileType = sourcecode.swift; path = GetSmsApp.swift; sourceTree = "<group>"; };
		CC5E123529C78D930085324A /* ServiceListView.swift */ = {isa = PBXFileReference; lastKnownFileType = sourcecode.swift; path = ServiceListView.swift; sourceTree = "<group>"; };
		CC5E123729C78D940085324A /* Assets.xcassets */ = {isa = PBXFileReference; lastKnownFileType = folder.assetcatalog; path = Assets.xcassets; sourceTree = "<group>"; };
		CC5E123A29C78D940085324A /* Preview Assets.xcassets */ = {isa = PBXFileReference; lastKnownFileType = folder.assetcatalog; path = "Preview Assets.xcassets"; sourceTree = "<group>"; };
		CC9E158729CF8DA800237F71 /* NetworkWorker.swift */ = {isa = PBXFileReference; lastKnownFileType = sourcecode.swift; path = NetworkWorker.swift; sourceTree = "<group>"; };
		CC9E158929CF8DDE00237F71 /* Reducer.swift */ = {isa = PBXFileReference; lastKnownFileType = sourcecode.swift; path = Reducer.swift; sourceTree = "<group>"; };
		CC9E158B29CF8DEF00237F71 /* Processor.swift */ = {isa = PBXFileReference; lastKnownFileType = sourcecode.swift; path = Processor.swift; sourceTree = "<group>"; };
		CC9E15A029CF93D900237F71 /* Service.swift */ = {isa = PBXFileReference; lastKnownFileType = sourcecode.swift; path = Service.swift; sourceTree = "<group>"; };
		CC9E15A229CF93F400237F71 /* ServiceList.swift */ = {isa = PBXFileReference; lastKnownFileType = sourcecode.swift; path = ServiceList.swift; sourceTree = "<group>"; };
		CC9E15A729CF944C00237F71 /* ServiceListViewModel.swift */ = {isa = PBXFileReference; lastKnownFileType = sourcecode.swift; path = ServiceListViewModel.swift; sourceTree = "<group>"; };
		CC9E15A929CF949500237F71 /* ServiceListState.swift */ = {isa = PBXFileReference; lastKnownFileType = sourcecode.swift; path = ServiceListState.swift; sourceTree = "<group>"; };
		CC9E15AB29CF94BE00237F71 /* ServiceListIntent.swift */ = {isa = PBXFileReference; lastKnownFileType = sourcecode.swift; path = ServiceListIntent.swift; sourceTree = "<group>"; };
/* End PBXFileReference section */

/* Begin PBXFrameworksBuildPhase section */
		CC5E122D29C78D930085324A /* Frameworks */ = {
			isa = PBXFrameworksBuildPhase;
			buildActionMask = 2147483647;
			files = (
				CC1EBC5629CFAA9400C43EF0 /* RxSwift.xcframework in Frameworks */,
				CC1EBC5A29CFAA9400C43EF0 /* RxBlocking.xcframework in Frameworks */,
				CC1EBC5829CFAA9400C43EF0 /* RxCocoa.xcframework in Frameworks */,
				CC1EBC5E29CFAA9400C43EF0 /* RxRelay.xcframework in Frameworks */,
			);
			runOnlyForDeploymentPostprocessing = 0;
		};
/* End PBXFrameworksBuildPhase section */

/* Begin PBXGroup section */
		CC1EBC5029CFAA9300C43EF0 /* Frameworks */ = {
			isa = PBXGroup;
			children = (
				CC1EBC5329CFAA9400C43EF0 /* RxBlocking.xcframework */,
				CC1EBC5229CFAA9400C43EF0 /* RxCocoa.xcframework */,
				CC1EBC5529CFAA9400C43EF0 /* RxRelay.xcframework */,
				CC1EBC5129CFAA9300C43EF0 /* RxSwift.xcframework */,
			);
			name = Frameworks;
			sourceTree = "<group>";
		};
		CC1EBC6129CFADCA00C43EF0 /* VO */ = {
			isa = PBXGroup;
			children = (
				CC1EBC6229CFADDF00C43EF0 /* ServiceListVO.swift */,
				CC1EBC6429CFB89F00C43EF0 /* ServiceVO.swift */,
				CC1EBC7829CFD8F500C43EF0 /* ServiceListErrorVO.swift */,
			);
			path = VO;
			sourceTree = "<group>";
		};
		CC1EBC6629CFBA1B00C43EF0 /* Data */ = {
			isa = PBXGroup;
			children = (
				CC1EBC6729CFBA2800C43EF0 /* Workers */,
			);
			path = Data;
			sourceTree = "<group>";
		};
		CC1EBC6729CFBA2800C43EF0 /* Workers */ = {
			isa = PBXGroup;
			children = (
				CC1EBC6929CFBA4C00C43EF0 /* Network */,
			);
			path = Workers;
			sourceTree = "<group>";
		};
		CC1EBC6929CFBA4C00C43EF0 /* Network */ = {
			isa = PBXGroup;
			children = (
				CC1EBC6B29CFBA5A00C43EF0 /* DTO */,
				CC1EBC6A29CFBA5500C43EF0 /* Mappers */,
				CC1EBC6E29CFBAAD00C43EF0 /* ServiceListNetworkWorker.swift */,
			);
			path = Network;
			sourceTree = "<group>";
		};
		CC1EBC6A29CFBA5500C43EF0 /* Mappers */ = {
			isa = PBXGroup;
			children = (
				CC1EBC7629CFC95400C43EF0 /* ServiceListNetworkMapper.swift */,
			);
			path = Mappers;
			sourceTree = "<group>";
		};
		CC1EBC6B29CFBA5A00C43EF0 /* DTO */ = {
			isa = PBXGroup;
			children = (
				CC1EBC7229CFC76900C43EF0 /* ServiceListNetworkDTO.swift */,
				CC1EBC7429CFC7C400C43EF0 /* ServiceNetworkDTO.swift */,
			);
			path = DTO;
			sourceTree = "<group>";
		};
		CC1EBC7D29CFDB3200C43EF0 /* Interactors */ = {
			isa = PBXGroup;
			children = (
				CC1EBC7E29CFDB4B00C43EF0 /* ServiceListInteractor.swift */,
			);
			path = Interactors;
			sourceTree = "<group>";
		};
		CC1EBC8029CFDEB800C43EF0 /* Formatters */ = {
			isa = PBXGroup;
			children = (
				CC1EBC8129CFDF3100C43EF0 /* ServiceListFormatter.swift */,
				CC1EBC8329CFDFCF00C43EF0 /* ServiceListErrorFormatter.swift */,
			);
			path = Formatters;
			sourceTree = "<group>";
		};
		CC1EBC8529CFE4F400C43EF0 /* Views */ = {
			isa = PBXGroup;
			children = (
				CC5E123529C78D930085324A /* ServiceListView.swift */,
				CC1EBC8D29D07E0000C43EF0 /* ServiceView.swift */,
				CC1EBC8F29D0B60E00C43EF0 /* ServicePlaceholderView.swift */,
			);
			path = Views;
			sourceTree = "<group>";
		};
		CC1EBC8629CFE77900C43EF0 /* DI */ = {
			isa = PBXGroup;
			children = (
				CC1EBC8729CFE79400C43EF0 /* ServiceListAssembly.swift */,
			);
			path = DI;
			sourceTree = "<group>";
		};
		CC1EBC8929D0703800C43EF0 /* Utils */ = {
			isa = PBXGroup;
			children = (
				CC1EBC8A29D0704400C43EF0 /* UI */,
			);
			path = Utils;
			sourceTree = "<group>";
		};
		CC1EBC8A29D0704400C43EF0 /* UI */ = {
			isa = PBXGroup;
			children = (
				CC1EBC8B29D0705000C43EF0 /* ShimmerEffect.swift */,
			);
			path = UI;
			sourceTree = "<group>";
		};
		CC1EBC9329D0CC0000C43EF0 /* Reducers */ = {
			isa = PBXGroup;
			children = (
				CC1EBC9729D0CC5000C43EF0 /* ServiceListReducer.swift */,
			);
			path = Reducers;
			sourceTree = "<group>";
		};
		CC1EBC9429D0CC0700C43EF0 /* Processors */ = {
			isa = PBXGroup;
			children = (
				CC1EBC9529D0CC3700C43EF0 /* ServiceListProcessor.swift */,
			);
			path = Processors;
			sourceTree = "<group>";
		};
		CC5E122729C78D930085324A = {
			isa = PBXGroup;
			children = (
				CC5E123229C78D930085324A /* GetSms */,
				CC5E123129C78D930085324A /* Products */,
				CC1EBC5029CFAA9300C43EF0 /* Frameworks */,
			);
			sourceTree = "<group>";
		};
		CC5E123129C78D930085324A /* Products */ = {
			isa = PBXGroup;
			children = (
				CC5E123029C78D930085324A /* GetSms.app */,
			);
			name = Products;
			sourceTree = "<group>";
		};
		CC5E123229C78D930085324A /* GetSms */ = {
			isa = PBXGroup;
			children = (
				CC9E158129CF8CDF00237F71 /* Common */,
				CC9E158029CF8CD400237F71 /* Features */,
				CC9E157F29CF8CCA00237F71 /* Core */,
				CC5E123329C78D930085324A /* GetSmsApp.swift */,
				CC5E123729C78D940085324A /* Assets.xcassets */,
				CC5E123929C78D940085324A /* Preview Content */,
			);
			path = GetSms;
			sourceTree = "<group>";
		};
		CC5E123929C78D940085324A /* Preview Content */ = {
			isa = PBXGroup;
			children = (
				CC5E123A29C78D940085324A /* Preview Assets.xcassets */,
			);
			path = "Preview Content";
			sourceTree = "<group>";
		};
		CC9E157F29CF8CCA00237F71 /* Core */ = {
			isa = PBXGroup;
			children = (
				CC1EBC8929D0703800C43EF0 /* Utils */,
				CC9E158329CF8D2D00237F71 /* Workers */,
			);
			path = Core;
			sourceTree = "<group>";
		};
		CC9E158029CF8CD400237F71 /* Features */ = {
			isa = PBXGroup;
			children = (
				CC9E158D29CF8E1F00237F71 /* ServiceList */,
			);
			path = Features;
			sourceTree = "<group>";
		};
		CC9E158129CF8CDF00237F71 /* Common */ = {
			isa = PBXGroup;
			children = (
				CC9E158229CF8CF000237F71 /* Presentation */,
			);
			path = Common;
			sourceTree = "<group>";
		};
		CC9E158229CF8CF000237F71 /* Presentation */ = {
			isa = PBXGroup;
			children = (
				CC9E158929CF8DDE00237F71 /* Reducer.swift */,
				CC9E158B29CF8DEF00237F71 /* Processor.swift */,
				CC1EBC9929D0DAB000C43EF0 /* Handler.swift */,
			);
			path = Presentation;
			sourceTree = "<group>";
		};
		CC9E158329CF8D2D00237F71 /* Workers */ = {
			isa = PBXGroup;
			children = (
				CC9E158429CF8D3400237F71 /* Network */,
			);
			path = Workers;
			sourceTree = "<group>";
		};
		CC9E158429CF8D3400237F71 /* Network */ = {
			isa = PBXGroup;
			children = (
				CC9E158729CF8DA800237F71 /* NetworkWorker.swift */,
			);
			path = Network;
			sourceTree = "<group>";
		};
		CC9E158D29CF8E1F00237F71 /* ServiceList */ = {
			isa = PBXGroup;
			children = (
				CC1EBC8629CFE77900C43EF0 /* DI */,
				CC1EBC6629CFBA1B00C43EF0 /* Data */,
				CC9E158F29CF8E3000237F71 /* Domain */,
				CC9E158E29CF8E2700237F71 /* Presentation */,
			);
			path = ServiceList;
			sourceTree = "<group>";
		};
		CC9E158E29CF8E2700237F71 /* Presentation */ = {
			isa = PBXGroup;
			children = (
				CC1EBC9329D0CC0000C43EF0 /* Reducers */,
				CC1EBC8529CFE4F400C43EF0 /* Views */,
				CC1EBC8029CFDEB800C43EF0 /* Formatters */,
				CC1EBC6129CFADCA00C43EF0 /* VO */,
				CC9E15A429CF940C00237F71 /* States */,
				CC9E159229CF90CF00237F71 /* ViewModels */,
			);
			path = Presentation;
			sourceTree = "<group>";
		};
		CC9E158F29CF8E3000237F71 /* Domain */ = {
			isa = PBXGroup;
			children = (
				CC9E15A629CF942F00237F71 /* Intents */,
				CC1EBC9429D0CC0700C43EF0 /* Processors */,
				CC1EBC7D29CFDB3200C43EF0 /* Interactors */,
				CC9E159F29CF933A00237F71 /* Models */,
			);
			path = Domain;
			sourceTree = "<group>";
		};
		CC9E159229CF90CF00237F71 /* ViewModels */ = {
			isa = PBXGroup;
			children = (
				CC9E15A729CF944C00237F71 /* ServiceListViewModel.swift */,
			);
			path = ViewModels;
			sourceTree = "<group>";
		};
		CC9E159F29CF933A00237F71 /* Models */ = {
			isa = PBXGroup;
			children = (
				CC9E15A029CF93D900237F71 /* Service.swift */,
				CC9E15A229CF93F400237F71 /* ServiceList.swift */,
			);
			path = Models;
			sourceTree = "<group>";
		};
		CC9E15A429CF940C00237F71 /* States */ = {
			isa = PBXGroup;
			children = (
				CC9E15A929CF949500237F71 /* ServiceListState.swift */,
			);
			path = States;
			sourceTree = "<group>";
		};
		CC9E15A629CF942F00237F71 /* Intents */ = {
			isa = PBXGroup;
			children = (
				CC9E15AB29CF94BE00237F71 /* ServiceListIntent.swift */,
			);
			path = Intents;
			sourceTree = "<group>";
		};
/* End PBXGroup section */

/* Begin PBXNativeTarget section */
		CC5E122F29C78D930085324A /* GetSms */ = {
			isa = PBXNativeTarget;
			buildConfigurationList = CC5E123E29C78D940085324A /* Build configuration list for PBXNativeTarget "GetSms" */;
			buildPhases = (
				CC5E122C29C78D930085324A /* Sources */,
				CC5E122D29C78D930085324A /* Frameworks */,
				CC5E122E29C78D930085324A /* Resources */,
				CC1EBC6029CFAA9400C43EF0 /* Embed Frameworks */,
			);
			buildRules = (
			);
			dependencies = (
			);
			name = GetSms;
			productName = GetSms;
			productReference = CC5E123029C78D930085324A /* GetSms.app */;
			productType = "com.apple.product-type.application";
		};
/* End PBXNativeTarget section */

/* Begin PBXProject section */
		CC5E122829C78D930085324A /* Project object */ = {
			isa = PBXProject;
			attributes = {
				BuildIndependentTargetsInParallel = 1;
				LastSwiftUpdateCheck = 1410;
				LastUpgradeCheck = 1410;
				TargetAttributes = {
					CC5E122F29C78D930085324A = {
						CreatedOnToolsVersion = 14.1;
					};
				};
			};
			buildConfigurationList = CC5E122B29C78D930085324A /* Build configuration list for PBXProject "GetSms" */;
			compatibilityVersion = "Xcode 14.0";
			developmentRegion = en;
			hasScannedForEncodings = 0;
			knownRegions = (
				en,
				Base,
			);
			mainGroup = CC5E122729C78D930085324A;
			productRefGroup = CC5E123129C78D930085324A /* Products */;
			projectDirPath = "";
			projectRoot = "";
			targets = (
				CC5E122F29C78D930085324A /* GetSms */,
			);
		};
/* End PBXProject section */

/* Begin PBXResourcesBuildPhase section */
		CC5E122E29C78D930085324A /* Resources */ = {
			isa = PBXResourcesBuildPhase;
			buildActionMask = 2147483647;
			files = (
				CC5E123B29C78D940085324A /* Preview Assets.xcassets in Resources */,
				CC5E123829C78D940085324A /* Assets.xcassets in Resources */,
			);
			runOnlyForDeploymentPostprocessing = 0;
		};
/* End PBXResourcesBuildPhase section */

/* Begin PBXSourcesBuildPhase section */
		CC5E122C29C78D930085324A /* Sources */ = {
			isa = PBXSourcesBuildPhase;
			buildActionMask = 2147483647;
			files = (
				CC1EBC7529CFC7C400C43EF0 /* ServiceNetworkDTO.swift in Sources */,
				CC1EBC8429CFDFCF00C43EF0 /* ServiceListErrorFormatter.swift in Sources */,
				CC1EBC7329CFC76900C43EF0 /* ServiceListNetworkDTO.swift in Sources */,
				CC1EBC7F29CFDB4B00C43EF0 /* ServiceListInteractor.swift in Sources */,
				CC1EBC6529CFB89F00C43EF0 /* ServiceVO.swift in Sources */,
				CC9E158C29CF8DEF00237F71 /* Processor.swift in Sources */,
				CC1EBC8E29D07E0000C43EF0 /* ServiceView.swift in Sources */,
				CC9E15AA29CF949500237F71 /* ServiceListState.swift in Sources */,
				CC1EBC7729CFC95400C43EF0 /* ServiceListNetworkMapper.swift in Sources */,
				CC1EBC9629D0CC3700C43EF0 /* ServiceListProcessor.swift in Sources */,
				CC1EBC9829D0CC5000C43EF0 /* ServiceListReducer.swift in Sources */,
				CC9E15A829CF944C00237F71 /* ServiceListViewModel.swift in Sources */,
				CC1EBC8829CFE79400C43EF0 /* ServiceListAssembly.swift in Sources */,
				CC9E15A329CF93F400237F71 /* ServiceList.swift in Sources */,
				CC9E15A129CF93D900237F71 /* Service.swift in Sources */,
				CC5E123629C78D930085324A /* ServiceListView.swift in Sources */,
				CC1EBC9029D0B60E00C43EF0 /* ServicePlaceholderView.swift in Sources */,
				CC9E158829CF8DA800237F71 /* NetworkWorker.swift in Sources */,
				CC1EBC8C29D0705000C43EF0 /* ShimmerEffect.swift in Sources */,
				CC9E158A29CF8DDE00237F71 /* Reducer.swift in Sources */,
				CC1EBC6F29CFBAAD00C43EF0 /* ServiceListNetworkWorker.swift in Sources */,
				CC1EBC7929CFD8F500C43EF0 /* ServiceListErrorVO.swift in Sources */,
				CC9E15AC29CF94BE00237F71 /* ServiceListIntent.swift in Sources */,
				CC1EBC8229CFDF3100C43EF0 /* ServiceListFormatter.swift in Sources */,
				CC1EBC9A29D0DAB000C43EF0 /* Handler.swift in Sources */,
				CC1EBC6329CFADDF00C43EF0 /* ServiceListVO.swift in Sources */,
				CC5E123429C78D930085324A /* GetSmsApp.swift in Sources */,
			);
			runOnlyForDeploymentPostprocessing = 0;
		};
/* End PBXSourcesBuildPhase section */

/* Begin XCBuildConfiguration section */
		CC5E123C29C78D940085324A /* Debug */ = {
			isa = XCBuildConfiguration;
			buildSettings = {
				ALWAYS_SEARCH_USER_PATHS = NO;
				CLANG_ANALYZER_NONNULL = YES;
				CLANG_ANALYZER_NUMBER_OBJECT_CONVERSION = YES_AGGRESSIVE;
				CLANG_CXX_LANGUAGE_STANDARD = "gnu++20";
				CLANG_ENABLE_MODULES = YES;
				CLANG_ENABLE_OBJC_ARC = YES;
				CLANG_ENABLE_OBJC_WEAK = YES;
				CLANG_WARN_BLOCK_CAPTURE_AUTORELEASING = YES;
				CLANG_WARN_BOOL_CONVERSION = YES;
				CLANG_WARN_COMMA = YES;
				CLANG_WARN_CONSTANT_CONVERSION = YES;
				CLANG_WARN_DEPRECATED_OBJC_IMPLEMENTATIONS = YES;
				CLANG_WARN_DIRECT_OBJC_ISA_USAGE = YES_ERROR;
				CLANG_WARN_DOCUMENTATION_COMMENTS = YES;
				CLANG_WARN_EMPTY_BODY = YES;
				CLANG_WARN_ENUM_CONVERSION = YES;
				CLANG_WARN_INFINITE_RECURSION = YES;
				CLANG_WARN_INT_CONVERSION = YES;
				CLANG_WARN_NON_LITERAL_NULL_CONVERSION = YES;
				CLANG_WARN_OBJC_IMPLICIT_RETAIN_SELF = YES;
				CLANG_WARN_OBJC_LITERAL_CONVERSION = YES;
				CLANG_WARN_OBJC_ROOT_CLASS = YES_ERROR;
				CLANG_WARN_QUOTED_INCLUDE_IN_FRAMEWORK_HEADER = YES;
				CLANG_WARN_RANGE_LOOP_ANALYSIS = YES;
				CLANG_WARN_STRICT_PROTOTYPES = YES;
				CLANG_WARN_SUSPICIOUS_MOVE = YES;
				CLANG_WARN_UNGUARDED_AVAILABILITY = YES_AGGRESSIVE;
				CLANG_WARN_UNREACHABLE_CODE = YES;
				CLANG_WARN__DUPLICATE_METHOD_MATCH = YES;
				COPY_PHASE_STRIP = NO;
				DEBUG_INFORMATION_FORMAT = dwarf;
				ENABLE_STRICT_OBJC_MSGSEND = YES;
				ENABLE_TESTABILITY = YES;
				GCC_C_LANGUAGE_STANDARD = gnu11;
				GCC_DYNAMIC_NO_PIC = NO;
				GCC_NO_COMMON_BLOCKS = YES;
				GCC_OPTIMIZATION_LEVEL = 0;
				GCC_PREPROCESSOR_DEFINITIONS = (
					"DEBUG=1",
					"$(inherited)",
				);
				GCC_WARN_64_TO_32_BIT_CONVERSION = YES;
				GCC_WARN_ABOUT_RETURN_TYPE = YES_ERROR;
				GCC_WARN_UNDECLARED_SELECTOR = YES;
				GCC_WARN_UNINITIALIZED_AUTOS = YES_AGGRESSIVE;
				GCC_WARN_UNUSED_FUNCTION = YES;
				GCC_WARN_UNUSED_VARIABLE = YES;
				IPHONEOS_DEPLOYMENT_TARGET = 16.1;
				MTL_ENABLE_DEBUG_INFO = INCLUDE_SOURCE;
				MTL_FAST_MATH = YES;
				ONLY_ACTIVE_ARCH = YES;
				SDKROOT = iphoneos;
				SWIFT_ACTIVE_COMPILATION_CONDITIONS = DEBUG;
				SWIFT_OPTIMIZATION_LEVEL = "-Onone";
			};
			name = Debug;
		};
		CC5E123D29C78D940085324A /* Release */ = {
			isa = XCBuildConfiguration;
			buildSettings = {
				ALWAYS_SEARCH_USER_PATHS = NO;
				CLANG_ANALYZER_NONNULL = YES;
				CLANG_ANALYZER_NUMBER_OBJECT_CONVERSION = YES_AGGRESSIVE;
				CLANG_CXX_LANGUAGE_STANDARD = "gnu++20";
				CLANG_ENABLE_MODULES = YES;
				CLANG_ENABLE_OBJC_ARC = YES;
				CLANG_ENABLE_OBJC_WEAK = YES;
				CLANG_WARN_BLOCK_CAPTURE_AUTORELEASING = YES;
				CLANG_WARN_BOOL_CONVERSION = YES;
				CLANG_WARN_COMMA = YES;
				CLANG_WARN_CONSTANT_CONVERSION = YES;
				CLANG_WARN_DEPRECATED_OBJC_IMPLEMENTATIONS = YES;
				CLANG_WARN_DIRECT_OBJC_ISA_USAGE = YES_ERROR;
				CLANG_WARN_DOCUMENTATION_COMMENTS = YES;
				CLANG_WARN_EMPTY_BODY = YES;
				CLANG_WARN_ENUM_CONVERSION = YES;
				CLANG_WARN_INFINITE_RECURSION = YES;
				CLANG_WARN_INT_CONVERSION = YES;
				CLANG_WARN_NON_LITERAL_NULL_CONVERSION = YES;
				CLANG_WARN_OBJC_IMPLICIT_RETAIN_SELF = YES;
				CLANG_WARN_OBJC_LITERAL_CONVERSION = YES;
				CLANG_WARN_OBJC_ROOT_CLASS = YES_ERROR;
				CLANG_WARN_QUOTED_INCLUDE_IN_FRAMEWORK_HEADER = YES;
				CLANG_WARN_RANGE_LOOP_ANALYSIS = YES;
				CLANG_WARN_STRICT_PROTOTYPES = YES;
				CLANG_WARN_SUSPICIOUS_MOVE = YES;
				CLANG_WARN_UNGUARDED_AVAILABILITY = YES_AGGRESSIVE;
				CLANG_WARN_UNREACHABLE_CODE = YES;
				CLANG_WARN__DUPLICATE_METHOD_MATCH = YES;
				COPY_PHASE_STRIP = NO;
				DEBUG_INFORMATION_FORMAT = "dwarf-with-dsym";
				ENABLE_NS_ASSERTIONS = NO;
				ENABLE_STRICT_OBJC_MSGSEND = YES;
				GCC_C_LANGUAGE_STANDARD = gnu11;
				GCC_NO_COMMON_BLOCKS = YES;
				GCC_WARN_64_TO_32_BIT_CONVERSION = YES;
				GCC_WARN_ABOUT_RETURN_TYPE = YES_ERROR;
				GCC_WARN_UNDECLARED_SELECTOR = YES;
				GCC_WARN_UNINITIALIZED_AUTOS = YES_AGGRESSIVE;
				GCC_WARN_UNUSED_FUNCTION = YES;
				GCC_WARN_UNUSED_VARIABLE = YES;
				IPHONEOS_DEPLOYMENT_TARGET = 16.1;
				MTL_ENABLE_DEBUG_INFO = NO;
				MTL_FAST_MATH = YES;
				SDKROOT = iphoneos;
				SWIFT_COMPILATION_MODE = wholemodule;
				SWIFT_OPTIMIZATION_LEVEL = "-O";
				VALIDATE_PRODUCT = YES;
			};
			name = Release;
		};
		CC5E123F29C78D940085324A /* Debug */ = {
			isa = XCBuildConfiguration;
			buildSettings = {
				ASSETCATALOG_COMPILER_APPICON_NAME = AppIcon;
				ASSETCATALOG_COMPILER_GLOBAL_ACCENT_COLOR_NAME = AccentColor;
				CODE_SIGN_STYLE = Automatic;
				CURRENT_PROJECT_VERSION = 1;
				DEVELOPMENT_ASSET_PATHS = "\"GetSms/Preview Content\"";
				DEVELOPMENT_TEAM = 7JCTFR9C8T;
				ENABLE_PREVIEWS = YES;
				GENERATE_INFOPLIST_FILE = YES;
				INFOPLIST_KEY_UIApplicationSceneManifest_Generation = YES;
				INFOPLIST_KEY_UIApplicationSupportsIndirectInputEvents = YES;
				INFOPLIST_KEY_UILaunchScreen_Generation = YES;
				INFOPLIST_KEY_UISupportedInterfaceOrientations_iPad = "UIInterfaceOrientationPortrait UIInterfaceOrientationPortraitUpsideDown UIInterfaceOrientationLandscapeLeft UIInterfaceOrientationLandscapeRight";
				INFOPLIST_KEY_UISupportedInterfaceOrientations_iPhone = "UIInterfaceOrientationPortrait UIInterfaceOrientationLandscapeLeft UIInterfaceOrientationLandscapeRight";
				IPHONEOS_DEPLOYMENT_TARGET = 15.0;
				LD_RUNPATH_SEARCH_PATHS = (
					"$(inherited)",
					"@executable_path/Frameworks",
				);
				MARKETING_VERSION = 1.0;
				PRODUCT_BUNDLE_IDENTIFIER = com.pyroman.GetSms;
				PRODUCT_NAME = "$(TARGET_NAME)";
				SWIFT_EMIT_LOC_STRINGS = YES;
				SWIFT_VERSION = 5.0;
				TARGETED_DEVICE_FAMILY = "1,2";
			};
			name = Debug;
		};
		CC5E124029C78D940085324A /* Release */ = {
			isa = XCBuildConfiguration;
			buildSettings = {
				ASSETCATALOG_COMPILER_APPICON_NAME = AppIcon;
				ASSETCATALOG_COMPILER_GLOBAL_ACCENT_COLOR_NAME = AccentColor;
				CODE_SIGN_STYLE = Automatic;
				CURRENT_PROJECT_VERSION = 1;
				DEVELOPMENT_ASSET_PATHS = "\"GetSms/Preview Content\"";
				DEVELOPMENT_TEAM = 7JCTFR9C8T;
				ENABLE_PREVIEWS = YES;
				GENERATE_INFOPLIST_FILE = YES;
				INFOPLIST_KEY_UIApplicationSceneManifest_Generation = YES;
				INFOPLIST_KEY_UIApplicationSupportsIndirectInputEvents = YES;
				INFOPLIST_KEY_UILaunchScreen_Generation = YES;
				INFOPLIST_KEY_UISupportedInterfaceOrientations_iPad = "UIInterfaceOrientationPortrait UIInterfaceOrientationPortraitUpsideDown UIInterfaceOrientationLandscapeLeft UIInterfaceOrientationLandscapeRight";
				INFOPLIST_KEY_UISupportedInterfaceOrientations_iPhone = "UIInterfaceOrientationPortrait UIInterfaceOrientationLandscapeLeft UIInterfaceOrientationLandscapeRight";
				IPHONEOS_DEPLOYMENT_TARGET = 15.0;
				LD_RUNPATH_SEARCH_PATHS = (
					"$(inherited)",
					"@executable_path/Frameworks",
				);
				MARKETING_VERSION = 1.0;
				PRODUCT_BUNDLE_IDENTIFIER = com.pyroman.GetSms;
				PRODUCT_NAME = "$(TARGET_NAME)";
				SWIFT_EMIT_LOC_STRINGS = YES;
				SWIFT_VERSION = 5.0;
				TARGETED_DEVICE_FAMILY = "1,2";
			};
			name = Release;
		};
/* End XCBuildConfiguration section */

/* Begin XCConfigurationList section */
		CC5E122B29C78D930085324A /* Build configuration list for PBXProject "GetSms" */ = {
			isa = XCConfigurationList;
			buildConfigurations = (
				CC5E123C29C78D940085324A /* Debug */,
				CC5E123D29C78D940085324A /* Release */,
			);
			defaultConfigurationIsVisible = 0;
			defaultConfigurationName = Release;
		};
		CC5E123E29C78D940085324A /* Build configuration list for PBXNativeTarget "GetSms" */ = {
			isa = XCConfigurationList;
			buildConfigurations = (
				CC5E123F29C78D940085324A /* Debug */,
				CC5E124029C78D940085324A /* Release */,
			);
			defaultConfigurationIsVisible = 0;
			defaultConfigurationName = Release;
		};
/* End XCConfigurationList section */
	};
	rootObject = CC5E122829C78D930085324A /* Project object */;
}
