// !$*UTF8*$!
{
	archiveVersion = 1;
	classes = {
	};
	objectVersion = 56;
	objects = {

/* Begin PBXBuildFile section */
		A8C9880B29D9CBB3000D1249 /* ServiceListScreen.swift in Sources */ = {isa = PBXBuildFile; fileRef = A8C9880A29D9CBB3000D1249 /* ServiceListScreen.swift */; };
		CC0608B729D758D4005A815C /* ServiceSearchView.swift in Sources */ = {isa = PBXBuildFile; fileRef = CC0608B629D758D4005A815C /* ServiceSearchView.swift */; };
		CC0608BB29D78842005A815C /* ServiceListCacheWorker.swift in Sources */ = {isa = PBXBuildFile; fileRef = CC0608BA29D78842005A815C /* ServiceListCacheWorker.swift */; };
		CC0608D229D887AC005A815C /* JSONExtractor.swift in Sources */ = {isa = PBXBuildFile; fileRef = CC0608D129D887AC005A815C /* JSONExtractor.swift */; };
		CC0608D429D88CF1005A815C /* ServiceListNetworkDTO.swift in Sources */ = {isa = PBXBuildFile; fileRef = CC0608D329D88CF1005A815C /* ServiceListNetworkDTO.swift */; };
		CC0608DB29D895D1005A815C /* CountryListAssembly.swift in Sources */ = {isa = PBXBuildFile; fileRef = CC0608DA29D895D1005A815C /* CountryListAssembly.swift */; };
		CC0608E229D89668005A815C /* CountryListNetworkMapper.swift in Sources */ = {isa = PBXBuildFile; fileRef = CC0608E129D89668005A815C /* CountryListNetworkMapper.swift */; };
		CC0608E429D8967D005A815C /* CountryListNetworkWorker.swift in Sources */ = {isa = PBXBuildFile; fileRef = CC0608E329D8967D005A815C /* CountryListNetworkWorker.swift */; };
		CC0608EB29D896E6005A815C /* CountryListViewModel.swift in Sources */ = {isa = PBXBuildFile; fileRef = CC0608EA29D896E6005A815C /* CountryListViewModel.swift */; };
		CC0608ED29D896ED005A815C /* CountryListState.swift in Sources */ = {isa = PBXBuildFile; fileRef = CC0608EC29D896ED005A815C /* CountryListState.swift */; };
		CC0608EF29D896F8005A815C /* CountryListVO.swift in Sources */ = {isa = PBXBuildFile; fileRef = CC0608EE29D896F8005A815C /* CountryListVO.swift */; };
		CC0608F129D89704005A815C /* CountryListFormatter.swift in Sources */ = {isa = PBXBuildFile; fileRef = CC0608F029D89704005A815C /* CountryListFormatter.swift */; };
		CC0608F329D89718005A815C /* CountryListView.swift in Sources */ = {isa = PBXBuildFile; fileRef = CC0608F229D89718005A815C /* CountryListView.swift */; };
		CC0608F529D89722005A815C /* CountryListReducer.swift in Sources */ = {isa = PBXBuildFile; fileRef = CC0608F429D89722005A815C /* CountryListReducer.swift */; };
		CC0608FB29D89833005A815C /* Country.swift in Sources */ = {isa = PBXBuildFile; fileRef = CC0608FA29D89833005A815C /* Country.swift */; };
		CC0608FD29D89891005A815C /* CountryList.swift in Sources */ = {isa = PBXBuildFile; fileRef = CC0608FC29D89891005A815C /* CountryList.swift */; };
		CC0608FF29D89D1D005A815C /* CountryListInteractor.swift in Sources */ = {isa = PBXBuildFile; fileRef = CC0608FE29D89D1D005A815C /* CountryListInteractor.swift */; };
		CC06090129D89D28005A815C /* CountryListProcessor.swift in Sources */ = {isa = PBXBuildFile; fileRef = CC06090029D89D28005A815C /* CountryListProcessor.swift */; };
		CC06090329D89D35005A815C /* CountryListIntent.swift in Sources */ = {isa = PBXBuildFile; fileRef = CC06090229D89D35005A815C /* CountryListIntent.swift */; };
		CC06090529D8A1C3005A815C /* CountryListNetworkDTO.swift in Sources */ = {isa = PBXBuildFile; fileRef = CC06090429D8A1C3005A815C /* CountryListNetworkDTO.swift */; };
		CC06090729D8A1CF005A815C /* CountryNetworkDTO.swift in Sources */ = {isa = PBXBuildFile; fileRef = CC06090629D8A1CF005A815C /* CountryNetworkDTO.swift */; };
		CC06090929D8B0E9005A815C /* CountryListErrorVO.swift in Sources */ = {isa = PBXBuildFile; fileRef = CC06090829D8B0E9005A815C /* CountryListErrorVO.swift */; };
		CC06090B29D8BAE3005A815C /* CountryListErrorFormatter.swift in Sources */ = {isa = PBXBuildFile; fileRef = CC06090A29D8BAE3005A815C /* CountryListErrorFormatter.swift */; };
		CC06090D29D8C256005A815C /* CountryVO.swift in Sources */ = {isa = PBXBuildFile; fileRef = CC06090C29D8C256005A815C /* CountryVO.swift */; };
		CC1EBC6329CFADDF00C43EF0 /* ServiceListVO.swift in Sources */ = {isa = PBXBuildFile; fileRef = CC1EBC6229CFADDF00C43EF0 /* ServiceListVO.swift */; };
		CC1EBC6529CFB89F00C43EF0 /* ServiceVO.swift in Sources */ = {isa = PBXBuildFile; fileRef = CC1EBC6429CFB89F00C43EF0 /* ServiceVO.swift */; };
		CC1EBC6F29CFBAAD00C43EF0 /* ServiceListNetworkWorker.swift in Sources */ = {isa = PBXBuildFile; fileRef = CC1EBC6E29CFBAAD00C43EF0 /* ServiceListNetworkWorker.swift */; };
		CC1EBC7529CFC7C400C43EF0 /* ServiceNetworkDTO.swift in Sources */ = {isa = PBXBuildFile; fileRef = CC1EBC7429CFC7C400C43EF0 /* ServiceNetworkDTO.swift */; };
		CC1EBC7729CFC95400C43EF0 /* ServiceListNetworkMapper.swift in Sources */ = {isa = PBXBuildFile; fileRef = CC1EBC7629CFC95400C43EF0 /* ServiceListNetworkMapper.swift */; };
		CC1EBC7929CFD8F500C43EF0 /* ServiceListErrorVO.swift in Sources */ = {isa = PBXBuildFile; fileRef = CC1EBC7829CFD8F500C43EF0 /* ServiceListErrorVO.swift */; };
		CC1EBC7F29CFDB4B00C43EF0 /* ServiceListInteractor.swift in Sources */ = {isa = PBXBuildFile; fileRef = CC1EBC7E29CFDB4B00C43EF0 /* ServiceListInteractor.swift */; };
		CC1EBC8229CFDF3100C43EF0 /* ServiceListFormatter.swift in Sources */ = {isa = PBXBuildFile; fileRef = CC1EBC8129CFDF3100C43EF0 /* ServiceListFormatter.swift */; };
		CC1EBC8429CFDFCF00C43EF0 /* ServiceListErrorFormatter.swift in Sources */ = {isa = PBXBuildFile; fileRef = CC1EBC8329CFDFCF00C43EF0 /* ServiceListErrorFormatter.swift */; };
		CC1EBC8829CFE79400C43EF0 /* ServiceListAssembly.swift in Sources */ = {isa = PBXBuildFile; fileRef = CC1EBC8729CFE79400C43EF0 /* ServiceListAssembly.swift */; };
		CC1EBC8C29D0705000C43EF0 /* ShimmerEffect.swift in Sources */ = {isa = PBXBuildFile; fileRef = CC1EBC8B29D0705000C43EF0 /* ShimmerEffect.swift */; };
		CC1EBC8E29D07E0000C43EF0 /* ServiceView.swift in Sources */ = {isa = PBXBuildFile; fileRef = CC1EBC8D29D07E0000C43EF0 /* ServiceView.swift */; };
		CC1EBC9029D0B60E00C43EF0 /* ServicePlaceholderView.swift in Sources */ = {isa = PBXBuildFile; fileRef = CC1EBC8F29D0B60E00C43EF0 /* ServicePlaceholderView.swift */; };
		CC1EBC9629D0CC3700C43EF0 /* ServiceListProcessor.swift in Sources */ = {isa = PBXBuildFile; fileRef = CC1EBC9529D0CC3700C43EF0 /* ServiceListProcessor.swift */; };
		CC1EBC9829D0CC5000C43EF0 /* ServiceListReducer.swift in Sources */ = {isa = PBXBuildFile; fileRef = CC1EBC9729D0CC5000C43EF0 /* ServiceListReducer.swift */; };
		CC1EBC9A29D0DAB000C43EF0 /* Handler.swift in Sources */ = {isa = PBXBuildFile; fileRef = CC1EBC9929D0DAB000C43EF0 /* Handler.swift */; };
		CC5E123429C78D930085324A /* GetSmsApp.swift in Sources */ = {isa = PBXBuildFile; fileRef = CC5E123329C78D930085324A /* GetSmsApp.swift */; };
		CC5E123629C78D930085324A /* ServiceListView.swift in Sources */ = {isa = PBXBuildFile; fileRef = CC5E123529C78D930085324A /* ServiceListView.swift */; };
		CC5E123829C78D940085324A /* Assets.xcassets in Resources */ = {isa = PBXBuildFile; fileRef = CC5E123729C78D940085324A /* Assets.xcassets */; };
		CC5E123B29C78D940085324A /* Preview Assets.xcassets in Resources */ = {isa = PBXBuildFile; fileRef = CC5E123A29C78D940085324A /* Preview Assets.xcassets */; };
		CC9E158829CF8DA800237F71 /* NetworkWorker.swift in Sources */ = {isa = PBXBuildFile; fileRef = CC9E158729CF8DA800237F71 /* NetworkWorker.swift */; };
		CC9E158A29CF8DDE00237F71 /* Reducer.swift in Sources */ = {isa = PBXBuildFile; fileRef = CC9E158929CF8DDE00237F71 /* Reducer.swift */; };
		CC9E158C29CF8DEF00237F71 /* Processor.swift in Sources */ = {isa = PBXBuildFile; fileRef = CC9E158B29CF8DEF00237F71 /* Processor.swift */; };
		CC9E15A129CF93D900237F71 /* Service.swift in Sources */ = {isa = PBXBuildFile; fileRef = CC9E15A029CF93D900237F71 /* Service.swift */; };
		CC9E15A329CF93F400237F71 /* ServiceList.swift in Sources */ = {isa = PBXBuildFile; fileRef = CC9E15A229CF93F400237F71 /* ServiceList.swift */; };
		CC9E15A829CF944C00237F71 /* ServiceListViewModel.swift in Sources */ = {isa = PBXBuildFile; fileRef = CC9E15A729CF944C00237F71 /* ServiceListViewModel.swift */; };
		CC9E15AA29CF949500237F71 /* ServiceListState.swift in Sources */ = {isa = PBXBuildFile; fileRef = CC9E15A929CF949500237F71 /* ServiceListState.swift */; };
		CC9E15AC29CF94BE00237F71 /* ServiceListIntent.swift in Sources */ = {isa = PBXBuildFile; fileRef = CC9E15AB29CF94BE00237F71 /* ServiceListIntent.swift */; };
		CCCD15C329D8D5AA00739C44 /* CountryView.swift in Sources */ = {isa = PBXBuildFile; fileRef = CCCD15C229D8D5AA00739C44 /* CountryView.swift */; };
		CCCD15C729D8FBA800739C44 /* CountryPlaceholderView.swift in Sources */ = {isa = PBXBuildFile; fileRef = CCCD15C629D8FBA800739C44 /* CountryPlaceholderView.swift */; };
		CCCD15C929D9054E00739C44 /* CountryListDropdownView.swift in Sources */ = {isa = PBXBuildFile; fileRef = CCCD15C829D9054E00739C44 /* CountryListDropdownView.swift */; };
		CCCD15CC29D9C3FC00739C44 /* ServiceSearchPlaceholderView.swift in Sources */ = {isa = PBXBuildFile; fileRef = CCCD15CB29D9C3FC00739C44 /* ServiceSearchPlaceholderView.swift */; };
		CCCD15CE29D9DC9F00739C44 /* AuthScreen.swift in Sources */ = {isa = PBXBuildFile; fileRef = CCCD15CD29D9DC9F00739C44 /* AuthScreen.swift */; };
		CCCD15D929D9DDFA00739C44 /* AuthViewModel.swift in Sources */ = {isa = PBXBuildFile; fileRef = CCCD15D829D9DDFA00739C44 /* AuthViewModel.swift */; };
		CCCD15DC29D9E27E00739C44 /* AuthView.swift in Sources */ = {isa = PBXBuildFile; fileRef = CCCD15DB29D9E27E00739C44 /* AuthView.swift */; };
		CCCD15DF29D9E32000739C44 /* WebContentView.swift in Sources */ = {isa = PBXBuildFile; fileRef = CCCD15DE29D9E32000739C44 /* WebContentView.swift */; };
		CCCD15E229D9E80400739C44 /* WebIntent.swift in Sources */ = {isa = PBXBuildFile; fileRef = CCCD15E129D9E80400739C44 /* WebIntent.swift */; };
		CCCD15E429DA0D8400739C44 /* URLType.swift in Sources */ = {isa = PBXBuildFile; fileRef = CCCD15E329DA0D8400739C44 /* URLType.swift */; };
		CCCD15E629DA1CAE00739C44 /* WebNavigationView.swift in Sources */ = {isa = PBXBuildFile; fileRef = CCCD15E529DA1CAE00739C44 /* WebNavigationView.swift */; };
		CCCE956A29E1F6C7007B4D0D /* WebAssembly.swift in Sources */ = {isa = PBXBuildFile; fileRef = CCCE956929E1F6C7007B4D0D /* WebAssembly.swift */; };
		CCCE956C29E1F7BC007B4D0D /* WebViewModel.swift in Sources */ = {isa = PBXBuildFile; fileRef = CCCE956B29E1F7BC007B4D0D /* WebViewModel.swift */; };
		CCCE957729E20381007B4D0D /* WebProcessor.swift in Sources */ = {isa = PBXBuildFile; fileRef = CCCE957629E20381007B4D0D /* WebProcessor.swift */; };
		CCCE957B29E221AB007B4D0D /* WebView.swift in Sources */ = {isa = PBXBuildFile; fileRef = CCCE957A29E221AB007B4D0D /* WebView.swift */; };
		CCCE957E29E2CAF3007B4D0D /* AuthWebScripts.swift in Sources */ = {isa = PBXBuildFile; fileRef = CCCE957D29E2CAF3007B4D0D /* AuthWebScripts.swift */; };
		CCCE958229E2E11E007B4D0D /* AuthAssembly.swift in Sources */ = {isa = PBXBuildFile; fileRef = CCCE958129E2E11D007B4D0D /* AuthAssembly.swift */; };
		CCCE958429E2E935007B4D0D /* ContentView.swift in Sources */ = {isa = PBXBuildFile; fileRef = CCCE958329E2E935007B4D0D /* ContentView.swift */; };
		CCCE958F29E2FD66007B4D0D /* AuthState.swift in Sources */ = {isa = PBXBuildFile; fileRef = CCCE958E29E2FD65007B4D0D /* AuthState.swift */; };
		CCCE959429E2FDD1007B4D0D /* AuthIntent.swift in Sources */ = {isa = PBXBuildFile; fileRef = CCCE959329E2FDD1007B4D0D /* AuthIntent.swift */; };
		CCCE959729E2FE25007B4D0D /* AuthModel.swift in Sources */ = {isa = PBXBuildFile; fileRef = CCCE959629E2FE25007B4D0D /* AuthModel.swift */; };
		CCCE959929E2FE75007B4D0D /* AuthProcessor.swift in Sources */ = {isa = PBXBuildFile; fileRef = CCCE959829E2FE75007B4D0D /* AuthProcessor.swift */; };
		CCCE959C29E2FF8B007B4D0D /* AuthReducer.swift in Sources */ = {isa = PBXBuildFile; fileRef = CCCE959B29E2FF8B007B4D0D /* AuthReducer.swift */; };
		CCCE959E29E300BE007B4D0D /* AuthVO.swift in Sources */ = {isa = PBXBuildFile; fileRef = CCCE959D29E300BE007B4D0D /* AuthVO.swift */; };
		CCCE95A029E327E9007B4D0D /* AuthBlockingLoadingView.swift in Sources */ = {isa = PBXBuildFile; fileRef = CCCE959F29E327E9007B4D0D /* AuthBlockingLoadingView.swift */; };
		CCFE4BC329D366CA006BB842 /* RxRelay in Frameworks */ = {isa = PBXBuildFile; productRef = CCFE4BC229D366CA006BB842 /* RxRelay */; };
		CCFE4BC529D366CA006BB842 /* RxSwift in Frameworks */ = {isa = PBXBuildFile; productRef = CCFE4BC429D366CA006BB842 /* RxSwift */; };
		CCFE4BCB29D3B9E5006BB842 /* JSON.swift in Sources */ = {isa = PBXBuildFile; fileRef = CCFE4BCA29D3B9E5006BB842 /* JSON.swift */; };
/* End PBXBuildFile section */

/* Begin PBXCopyFilesBuildPhase section */
		CC1EBC6029CFAA9400C43EF0 /* Embed Frameworks */ = {
			isa = PBXCopyFilesBuildPhase;
			buildActionMask = 2147483647;
			dstPath = "";
			dstSubfolderSpec = 10;
			files = (
			);
			name = "Embed Frameworks";
			runOnlyForDeploymentPostprocessing = 0;
		};
/* End PBXCopyFilesBuildPhase section */

/* Begin PBXFileReference section */
		A8C9880A29D9CBB3000D1249 /* ServiceListScreen.swift */ = {isa = PBXFileReference; lastKnownFileType = sourcecode.swift; path = ServiceListScreen.swift; sourceTree = "<group>"; };
		CC0608B629D758D4005A815C /* ServiceSearchView.swift */ = {isa = PBXFileReference; lastKnownFileType = sourcecode.swift; path = ServiceSearchView.swift; sourceTree = "<group>"; };
		CC0608BA29D78842005A815C /* ServiceListCacheWorker.swift */ = {isa = PBXFileReference; lastKnownFileType = sourcecode.swift; path = ServiceListCacheWorker.swift; sourceTree = "<group>"; };
		CC0608D129D887AC005A815C /* JSONExtractor.swift */ = {isa = PBXFileReference; lastKnownFileType = sourcecode.swift; path = JSONExtractor.swift; sourceTree = "<group>"; };
		CC0608D329D88CF1005A815C /* ServiceListNetworkDTO.swift */ = {isa = PBXFileReference; lastKnownFileType = sourcecode.swift; path = ServiceListNetworkDTO.swift; sourceTree = "<group>"; };
		CC0608DA29D895D1005A815C /* CountryListAssembly.swift */ = {isa = PBXFileReference; lastKnownFileType = sourcecode.swift; path = CountryListAssembly.swift; sourceTree = "<group>"; };
		CC0608E129D89668005A815C /* CountryListNetworkMapper.swift */ = {isa = PBXFileReference; lastKnownFileType = sourcecode.swift; path = CountryListNetworkMapper.swift; sourceTree = "<group>"; };
		CC0608E329D8967D005A815C /* CountryListNetworkWorker.swift */ = {isa = PBXFileReference; lastKnownFileType = sourcecode.swift; path = CountryListNetworkWorker.swift; sourceTree = "<group>"; };
		CC0608EA29D896E6005A815C /* CountryListViewModel.swift */ = {isa = PBXFileReference; lastKnownFileType = sourcecode.swift; path = CountryListViewModel.swift; sourceTree = "<group>"; };
		CC0608EC29D896ED005A815C /* CountryListState.swift */ = {isa = PBXFileReference; lastKnownFileType = sourcecode.swift; path = CountryListState.swift; sourceTree = "<group>"; };
		CC0608EE29D896F8005A815C /* CountryListVO.swift */ = {isa = PBXFileReference; lastKnownFileType = sourcecode.swift; path = CountryListVO.swift; sourceTree = "<group>"; };
		CC0608F029D89704005A815C /* CountryListFormatter.swift */ = {isa = PBXFileReference; lastKnownFileType = sourcecode.swift; path = CountryListFormatter.swift; sourceTree = "<group>"; };
		CC0608F229D89718005A815C /* CountryListView.swift */ = {isa = PBXFileReference; lastKnownFileType = sourcecode.swift; path = CountryListView.swift; sourceTree = "<group>"; };
		CC0608F429D89722005A815C /* CountryListReducer.swift */ = {isa = PBXFileReference; lastKnownFileType = sourcecode.swift; path = CountryListReducer.swift; sourceTree = "<group>"; };
		CC0608FA29D89833005A815C /* Country.swift */ = {isa = PBXFileReference; lastKnownFileType = sourcecode.swift; path = Country.swift; sourceTree = "<group>"; };
		CC0608FC29D89891005A815C /* CountryList.swift */ = {isa = PBXFileReference; lastKnownFileType = sourcecode.swift; path = CountryList.swift; sourceTree = "<group>"; };
		CC0608FE29D89D1D005A815C /* CountryListInteractor.swift */ = {isa = PBXFileReference; lastKnownFileType = sourcecode.swift; path = CountryListInteractor.swift; sourceTree = "<group>"; };
		CC06090029D89D28005A815C /* CountryListProcessor.swift */ = {isa = PBXFileReference; lastKnownFileType = sourcecode.swift; path = CountryListProcessor.swift; sourceTree = "<group>"; };
		CC06090229D89D35005A815C /* CountryListIntent.swift */ = {isa = PBXFileReference; lastKnownFileType = sourcecode.swift; path = CountryListIntent.swift; sourceTree = "<group>"; };
		CC06090429D8A1C3005A815C /* CountryListNetworkDTO.swift */ = {isa = PBXFileReference; lastKnownFileType = sourcecode.swift; path = CountryListNetworkDTO.swift; sourceTree = "<group>"; };
		CC06090629D8A1CF005A815C /* CountryNetworkDTO.swift */ = {isa = PBXFileReference; lastKnownFileType = sourcecode.swift; path = CountryNetworkDTO.swift; sourceTree = "<group>"; };
		CC06090829D8B0E9005A815C /* CountryListErrorVO.swift */ = {isa = PBXFileReference; lastKnownFileType = sourcecode.swift; path = CountryListErrorVO.swift; sourceTree = "<group>"; };
		CC06090A29D8BAE3005A815C /* CountryListErrorFormatter.swift */ = {isa = PBXFileReference; lastKnownFileType = sourcecode.swift; path = CountryListErrorFormatter.swift; sourceTree = "<group>"; };
		CC06090C29D8C256005A815C /* CountryVO.swift */ = {isa = PBXFileReference; lastKnownFileType = sourcecode.swift; path = CountryVO.swift; sourceTree = "<group>"; };
		CC1EBC6229CFADDF00C43EF0 /* ServiceListVO.swift */ = {isa = PBXFileReference; lastKnownFileType = sourcecode.swift; path = ServiceListVO.swift; sourceTree = "<group>"; };
		CC1EBC6429CFB89F00C43EF0 /* ServiceVO.swift */ = {isa = PBXFileReference; lastKnownFileType = sourcecode.swift; path = ServiceVO.swift; sourceTree = "<group>"; };
		CC1EBC6E29CFBAAD00C43EF0 /* ServiceListNetworkWorker.swift */ = {isa = PBXFileReference; lastKnownFileType = sourcecode.swift; path = ServiceListNetworkWorker.swift; sourceTree = "<group>"; };
		CC1EBC7429CFC7C400C43EF0 /* ServiceNetworkDTO.swift */ = {isa = PBXFileReference; lastKnownFileType = sourcecode.swift; path = ServiceNetworkDTO.swift; sourceTree = "<group>"; };
		CC1EBC7629CFC95400C43EF0 /* ServiceListNetworkMapper.swift */ = {isa = PBXFileReference; lastKnownFileType = sourcecode.swift; path = ServiceListNetworkMapper.swift; sourceTree = "<group>"; };
		CC1EBC7829CFD8F500C43EF0 /* ServiceListErrorVO.swift */ = {isa = PBXFileReference; lastKnownFileType = sourcecode.swift; name = ServiceListErrorVO.swift; path = GetSms/Features/ServiceList/Data/Workers/Network/Mappers/ServiceListErrorVO.swift; sourceTree = SOURCE_ROOT; };
		CC1EBC7E29CFDB4B00C43EF0 /* ServiceListInteractor.swift */ = {isa = PBXFileReference; lastKnownFileType = sourcecode.swift; path = ServiceListInteractor.swift; sourceTree = "<group>"; };
		CC1EBC8129CFDF3100C43EF0 /* ServiceListFormatter.swift */ = {isa = PBXFileReference; lastKnownFileType = sourcecode.swift; name = ServiceListFormatter.swift; path = GetSms/Features/ServiceList/Presentation/Formatters/ServiceListFormatter.swift; sourceTree = SOURCE_ROOT; };
		CC1EBC8329CFDFCF00C43EF0 /* ServiceListErrorFormatter.swift */ = {isa = PBXFileReference; lastKnownFileType = sourcecode.swift; name = ServiceListErrorFormatter.swift; path = GetSms/Features/ServiceList/Presentation/Formatters/ServiceListErrorFormatter.swift; sourceTree = SOURCE_ROOT; };
		CC1EBC8729CFE79400C43EF0 /* ServiceListAssembly.swift */ = {isa = PBXFileReference; lastKnownFileType = sourcecode.swift; path = ServiceListAssembly.swift; sourceTree = "<group>"; };
		CC1EBC8B29D0705000C43EF0 /* ShimmerEffect.swift */ = {isa = PBXFileReference; lastKnownFileType = sourcecode.swift; path = ShimmerEffect.swift; sourceTree = "<group>"; };
		CC1EBC8D29D07E0000C43EF0 /* ServiceView.swift */ = {isa = PBXFileReference; lastKnownFileType = sourcecode.swift; path = ServiceView.swift; sourceTree = "<group>"; };
		CC1EBC8F29D0B60E00C43EF0 /* ServicePlaceholderView.swift */ = {isa = PBXFileReference; lastKnownFileType = sourcecode.swift; path = ServicePlaceholderView.swift; sourceTree = "<group>"; };
		CC1EBC9529D0CC3700C43EF0 /* ServiceListProcessor.swift */ = {isa = PBXFileReference; lastKnownFileType = sourcecode.swift; path = ServiceListProcessor.swift; sourceTree = "<group>"; };
		CC1EBC9729D0CC5000C43EF0 /* ServiceListReducer.swift */ = {isa = PBXFileReference; lastKnownFileType = sourcecode.swift; path = ServiceListReducer.swift; sourceTree = "<group>"; };
		CC1EBC9929D0DAB000C43EF0 /* Handler.swift */ = {isa = PBXFileReference; lastKnownFileType = sourcecode.swift; path = Handler.swift; sourceTree = "<group>"; };
		CC5E123029C78D930085324A /* GetSms.app */ = {isa = PBXFileReference; explicitFileType = wrapper.application; includeInIndex = 0; path = GetSms.app; sourceTree = BUILT_PRODUCTS_DIR; };
		CC5E123329C78D930085324A /* GetSmsApp.swift */ = {isa = PBXFileReference; lastKnownFileType = sourcecode.swift; path = GetSmsApp.swift; sourceTree = "<group>"; };
		CC5E123529C78D930085324A /* ServiceListView.swift */ = {isa = PBXFileReference; lastKnownFileType = sourcecode.swift; path = ServiceListView.swift; sourceTree = "<group>"; };
		CC5E123729C78D940085324A /* Assets.xcassets */ = {isa = PBXFileReference; lastKnownFileType = folder.assetcatalog; path = Assets.xcassets; sourceTree = "<group>"; };
		CC5E123A29C78D940085324A /* Preview Assets.xcassets */ = {isa = PBXFileReference; lastKnownFileType = folder.assetcatalog; path = "Preview Assets.xcassets"; sourceTree = "<group>"; };
		CC9E158729CF8DA800237F71 /* NetworkWorker.swift */ = {isa = PBXFileReference; lastKnownFileType = sourcecode.swift; path = NetworkWorker.swift; sourceTree = "<group>"; };
		CC9E158929CF8DDE00237F71 /* Reducer.swift */ = {isa = PBXFileReference; lastKnownFileType = sourcecode.swift; path = Reducer.swift; sourceTree = "<group>"; };
		CC9E158B29CF8DEF00237F71 /* Processor.swift */ = {isa = PBXFileReference; lastKnownFileType = sourcecode.swift; path = Processor.swift; sourceTree = "<group>"; };
		CC9E15A029CF93D900237F71 /* Service.swift */ = {isa = PBXFileReference; lastKnownFileType = sourcecode.swift; path = Service.swift; sourceTree = "<group>"; };
		CC9E15A229CF93F400237F71 /* ServiceList.swift */ = {isa = PBXFileReference; lastKnownFileType = sourcecode.swift; path = ServiceList.swift; sourceTree = "<group>"; };
		CC9E15A729CF944C00237F71 /* ServiceListViewModel.swift */ = {isa = PBXFileReference; lastKnownFileType = sourcecode.swift; path = ServiceListViewModel.swift; sourceTree = "<group>"; };
		CC9E15A929CF949500237F71 /* ServiceListState.swift */ = {isa = PBXFileReference; lastKnownFileType = sourcecode.swift; path = ServiceListState.swift; sourceTree = "<group>"; };
		CC9E15AB29CF94BE00237F71 /* ServiceListIntent.swift */ = {isa = PBXFileReference; lastKnownFileType = sourcecode.swift; path = ServiceListIntent.swift; sourceTree = "<group>"; };
		CCCD15C229D8D5AA00739C44 /* CountryView.swift */ = {isa = PBXFileReference; lastKnownFileType = sourcecode.swift; path = CountryView.swift; sourceTree = "<group>"; };
		CCCD15C629D8FBA800739C44 /* CountryPlaceholderView.swift */ = {isa = PBXFileReference; lastKnownFileType = sourcecode.swift; path = CountryPlaceholderView.swift; sourceTree = "<group>"; };
		CCCD15C829D9054E00739C44 /* CountryListDropdownView.swift */ = {isa = PBXFileReference; lastKnownFileType = sourcecode.swift; path = CountryListDropdownView.swift; sourceTree = "<group>"; };
		CCCD15CB29D9C3FC00739C44 /* ServiceSearchPlaceholderView.swift */ = {isa = PBXFileReference; lastKnownFileType = sourcecode.swift; path = ServiceSearchPlaceholderView.swift; sourceTree = "<group>"; };
		CCCD15CD29D9DC9F00739C44 /* AuthScreen.swift */ = {isa = PBXFileReference; lastKnownFileType = sourcecode.swift; path = AuthScreen.swift; sourceTree = "<group>"; };
		CCCD15D829D9DDFA00739C44 /* AuthViewModel.swift */ = {isa = PBXFileReference; lastKnownFileType = sourcecode.swift; path = AuthViewModel.swift; sourceTree = "<group>"; };
		CCCD15DB29D9E27E00739C44 /* AuthView.swift */ = {isa = PBXFileReference; lastKnownFileType = sourcecode.swift; path = AuthView.swift; sourceTree = "<group>"; };
		CCCD15DE29D9E32000739C44 /* WebContentView.swift */ = {isa = PBXFileReference; lastKnownFileType = sourcecode.swift; path = WebContentView.swift; sourceTree = "<group>"; };
		CCCD15E129D9E80400739C44 /* WebIntent.swift */ = {isa = PBXFileReference; lastKnownFileType = sourcecode.swift; path = WebIntent.swift; sourceTree = "<group>"; };
		CCCD15E329DA0D8400739C44 /* URLType.swift */ = {isa = PBXFileReference; lastKnownFileType = sourcecode.swift; path = URLType.swift; sourceTree = "<group>"; };
		CCCD15E529DA1CAE00739C44 /* WebNavigationView.swift */ = {isa = PBXFileReference; lastKnownFileType = sourcecode.swift; path = WebNavigationView.swift; sourceTree = "<group>"; };
		CCCE956929E1F6C7007B4D0D /* WebAssembly.swift */ = {isa = PBXFileReference; lastKnownFileType = sourcecode.swift; path = WebAssembly.swift; sourceTree = "<group>"; };
		CCCE956B29E1F7BC007B4D0D /* WebViewModel.swift */ = {isa = PBXFileReference; lastKnownFileType = sourcecode.swift; path = WebViewModel.swift; sourceTree = "<group>"; };
		CCCE957629E20381007B4D0D /* WebProcessor.swift */ = {isa = PBXFileReference; lastKnownFileType = sourcecode.swift; path = WebProcessor.swift; sourceTree = "<group>"; };
		CCCE957A29E221AB007B4D0D /* WebView.swift */ = {isa = PBXFileReference; lastKnownFileType = sourcecode.swift; path = WebView.swift; sourceTree = "<group>"; };
		CCCE957D29E2CAF3007B4D0D /* AuthWebScripts.swift */ = {isa = PBXFileReference; lastKnownFileType = sourcecode.swift; path = AuthWebScripts.swift; sourceTree = "<group>"; };
		CCCE958129E2E11D007B4D0D /* AuthAssembly.swift */ = {isa = PBXFileReference; lastKnownFileType = sourcecode.swift; path = AuthAssembly.swift; sourceTree = "<group>"; };
		CCCE958329E2E935007B4D0D /* ContentView.swift */ = {isa = PBXFileReference; lastKnownFileType = sourcecode.swift; path = ContentView.swift; sourceTree = "<group>"; };
		CCCE958E29E2FD65007B4D0D /* AuthState.swift */ = {isa = PBXFileReference; lastKnownFileType = sourcecode.swift; path = AuthState.swift; sourceTree = "<group>"; };
		CCCE959329E2FDD1007B4D0D /* AuthIntent.swift */ = {isa = PBXFileReference; lastKnownFileType = sourcecode.swift; path = AuthIntent.swift; sourceTree = "<group>"; };
		CCCE959629E2FE25007B4D0D /* AuthModel.swift */ = {isa = PBXFileReference; lastKnownFileType = sourcecode.swift; path = AuthModel.swift; sourceTree = "<group>"; };
		CCCE959829E2FE75007B4D0D /* AuthProcessor.swift */ = {isa = PBXFileReference; lastKnownFileType = sourcecode.swift; path = AuthProcessor.swift; sourceTree = "<group>"; };
		CCCE959B29E2FF8B007B4D0D /* AuthReducer.swift */ = {isa = PBXFileReference; lastKnownFileType = sourcecode.swift; path = AuthReducer.swift; sourceTree = "<group>"; };
		CCCE959D29E300BE007B4D0D /* AuthVO.swift */ = {isa = PBXFileReference; lastKnownFileType = sourcecode.swift; path = AuthVO.swift; sourceTree = "<group>"; };
		CCCE959F29E327E9007B4D0D /* AuthBlockingLoadingView.swift */ = {isa = PBXFileReference; lastKnownFileType = sourcecode.swift; path = AuthBlockingLoadingView.swift; sourceTree = "<group>"; };
		CCFE4BCA29D3B9E5006BB842 /* JSON.swift */ = {isa = PBXFileReference; lastKnownFileType = sourcecode.swift; path = JSON.swift; sourceTree = "<group>"; };
/* End PBXFileReference section */

/* Begin PBXFrameworksBuildPhase section */
		CC5E122D29C78D930085324A /* Frameworks */ = {
			isa = PBXFrameworksBuildPhase;
			buildActionMask = 2147483647;
			files = (
				CCFE4BC329D366CA006BB842 /* RxRelay in Frameworks */,
				CCFE4BC529D366CA006BB842 /* RxSwift in Frameworks */,
			);
			runOnlyForDeploymentPostprocessing = 0;
		};
/* End PBXFrameworksBuildPhase section */

/* Begin PBXGroup section */
		A8C9880729D9CB7B000D1249 /* Core */ = {
			isa = PBXGroup;
			children = (
				A8C9880829D9CB8D000D1249 /* Presentation */,
			);
			path = Core;
			sourceTree = "<group>";
		};
		A8C9880829D9CB8D000D1249 /* Presentation */ = {
			isa = PBXGroup;
			children = (
				CCCD15D729D9DDB000739C44 /* Navigation */,
				A8C9880929D9CB9D000D1249 /* Screens */,
			);
			path = Presentation;
			sourceTree = "<group>";
		};
		A8C9880929D9CB9D000D1249 /* Screens */ = {
			isa = PBXGroup;
			children = (
				A8C9880A29D9CBB3000D1249 /* ServiceListScreen.swift */,
				CCCD15CD29D9DC9F00739C44 /* AuthScreen.swift */,
			);
			path = Screens;
			sourceTree = "<group>";
		};
		CC0608B929D78815005A815C /* Cache */ = {
			isa = PBXGroup;
			children = (
				CC0608BA29D78842005A815C /* ServiceListCacheWorker.swift */,
			);
			path = Cache;
			sourceTree = "<group>";
		};
		CC0608D529D89439005A815C /* CountryList */ = {
			isa = PBXGroup;
			children = (
				CC0608D929D895BE005A815C /* Presentation */,
				CC0608D829D895B8005A815C /* Domain */,
				CC0608D729D895B3005A815C /* Data */,
				CC0608D629D895AD005A815C /* DI */,
			);
			path = CountryList;
			sourceTree = "<group>";
		};
		CC0608D629D895AD005A815C /* DI */ = {
			isa = PBXGroup;
			children = (
				CC0608DA29D895D1005A815C /* CountryListAssembly.swift */,
			);
			path = DI;
			sourceTree = "<group>";
		};
		CC0608D729D895B3005A815C /* Data */ = {
			isa = PBXGroup;
			children = (
				CC0608DD29D89636005A815C /* Workers */,
			);
			path = Data;
			sourceTree = "<group>";
		};
		CC0608D829D895B8005A815C /* Domain */ = {
			isa = PBXGroup;
			children = (
				CC0608F929D8981A005A815C /* Models */,
				CC0608F829D89811005A815C /* Interactors */,
				CC0608F729D89809005A815C /* Processors */,
				CC0608F629D89802005A815C /* Intents */,
			);
			path = Domain;
			sourceTree = "<group>";
		};
		CC0608D929D895BE005A815C /* Presentation */ = {
			isa = PBXGroup;
			children = (
				CC0608E929D896CC005A815C /* ViewModels */,
				CC0608E829D896C5005A815C /* States */,
				CC0608E729D896BE005A815C /* VO */,
				CC0608E629D896B6005A815C /* Formatters */,
				CC0608E529D896B0005A815C /* Views */,
				CC0608DC29D895E8005A815C /* Reducers */,
			);
			path = Presentation;
			sourceTree = "<group>";
		};
		CC0608DC29D895E8005A815C /* Reducers */ = {
			isa = PBXGroup;
			children = (
				CC0608F429D89722005A815C /* CountryListReducer.swift */,
			);
			path = Reducers;
			sourceTree = "<group>";
		};
		CC0608DD29D89636005A815C /* Workers */ = {
			isa = PBXGroup;
			children = (
				CC0608DE29D89646005A815C /* Network */,
			);
			path = Workers;
			sourceTree = "<group>";
		};
		CC0608DE29D89646005A815C /* Network */ = {
			isa = PBXGroup;
			children = (
				CC0608E029D89657005A815C /* Mappers */,
				CC0608DF29D89651005A815C /* DTO */,
				CC0608E329D8967D005A815C /* CountryListNetworkWorker.swift */,
			);
			path = Network;
			sourceTree = "<group>";
		};
		CC0608DF29D89651005A815C /* DTO */ = {
			isa = PBXGroup;
			children = (
				CC06090429D8A1C3005A815C /* CountryListNetworkDTO.swift */,
				CC06090629D8A1CF005A815C /* CountryNetworkDTO.swift */,
			);
			path = DTO;
			sourceTree = "<group>";
		};
		CC0608E029D89657005A815C /* Mappers */ = {
			isa = PBXGroup;
			children = (
				CC0608E129D89668005A815C /* CountryListNetworkMapper.swift */,
			);
			path = Mappers;
			sourceTree = "<group>";
		};
		CC0608E529D896B0005A815C /* Views */ = {
			isa = PBXGroup;
			children = (
				CC0608F229D89718005A815C /* CountryListView.swift */,
				CCCD15C229D8D5AA00739C44 /* CountryView.swift */,
				CCCD15C629D8FBA800739C44 /* CountryPlaceholderView.swift */,
				CCCD15C829D9054E00739C44 /* CountryListDropdownView.swift */,
			);
			path = Views;
			sourceTree = "<group>";
		};
		CC0608E629D896B6005A815C /* Formatters */ = {
			isa = PBXGroup;
			children = (
				CC0608F029D89704005A815C /* CountryListFormatter.swift */,
				CC06090A29D8BAE3005A815C /* CountryListErrorFormatter.swift */,
			);
			path = Formatters;
			sourceTree = "<group>";
		};
		CC0608E729D896BE005A815C /* VO */ = {
			isa = PBXGroup;
			children = (
				CC0608EE29D896F8005A815C /* CountryListVO.swift */,
				CC06090829D8B0E9005A815C /* CountryListErrorVO.swift */,
				CC06090C29D8C256005A815C /* CountryVO.swift */,
			);
			path = VO;
			sourceTree = "<group>";
		};
		CC0608E829D896C5005A815C /* States */ = {
			isa = PBXGroup;
			children = (
				CC0608EC29D896ED005A815C /* CountryListState.swift */,
			);
			path = States;
			sourceTree = "<group>";
		};
		CC0608E929D896CC005A815C /* ViewModels */ = {
			isa = PBXGroup;
			children = (
				CC0608EA29D896E6005A815C /* CountryListViewModel.swift */,
			);
			path = ViewModels;
			sourceTree = "<group>";
		};
		CC0608F629D89802005A815C /* Intents */ = {
			isa = PBXGroup;
			children = (
				CC06090229D89D35005A815C /* CountryListIntent.swift */,
			);
			path = Intents;
			sourceTree = "<group>";
		};
		CC0608F729D89809005A815C /* Processors */ = {
			isa = PBXGroup;
			children = (
				CC06090029D89D28005A815C /* CountryListProcessor.swift */,
			);
			path = Processors;
			sourceTree = "<group>";
		};
		CC0608F829D89811005A815C /* Interactors */ = {
			isa = PBXGroup;
			children = (
				CC0608FE29D89D1D005A815C /* CountryListInteractor.swift */,
			);
			path = Interactors;
			sourceTree = "<group>";
		};
		CC0608F929D8981A005A815C /* Models */ = {
			isa = PBXGroup;
			children = (
				CC0608FA29D89833005A815C /* Country.swift */,
				CC0608FC29D89891005A815C /* CountryList.swift */,
			);
			path = Models;
			sourceTree = "<group>";
		};
		CC1EBC5029CFAA9300C43EF0 /* Frameworks */ = {
			isa = PBXGroup;
			children = (
			);
			name = Frameworks;
			sourceTree = "<group>";
		};
		CC1EBC6129CFADCA00C43EF0 /* VO */ = {
			isa = PBXGroup;
			children = (
				CC1EBC6229CFADDF00C43EF0 /* ServiceListVO.swift */,
				CC1EBC6429CFB89F00C43EF0 /* ServiceVO.swift */,
				CC1EBC7829CFD8F500C43EF0 /* ServiceListErrorVO.swift */,
			);
			path = VO;
			sourceTree = "<group>";
		};
		CC1EBC6629CFBA1B00C43EF0 /* Data */ = {
			isa = PBXGroup;
			children = (
				CC1EBC6729CFBA2800C43EF0 /* Workers */,
			);
			path = Data;
			sourceTree = "<group>";
		};
		CC1EBC6729CFBA2800C43EF0 /* Workers */ = {
			isa = PBXGroup;
			children = (
				CC0608B929D78815005A815C /* Cache */,
				CC1EBC6929CFBA4C00C43EF0 /* Network */,
			);
			path = Workers;
			sourceTree = "<group>";
		};
		CC1EBC6929CFBA4C00C43EF0 /* Network */ = {
			isa = PBXGroup;
			children = (
				CC1EBC6B29CFBA5A00C43EF0 /* DTO */,
				CC1EBC6A29CFBA5500C43EF0 /* Mappers */,
				CC1EBC6E29CFBAAD00C43EF0 /* ServiceListNetworkWorker.swift */,
			);
			path = Network;
			sourceTree = "<group>";
		};
		CC1EBC6A29CFBA5500C43EF0 /* Mappers */ = {
			isa = PBXGroup;
			children = (
				CC1EBC7629CFC95400C43EF0 /* ServiceListNetworkMapper.swift */,
			);
			path = Mappers;
			sourceTree = "<group>";
		};
		CC1EBC6B29CFBA5A00C43EF0 /* DTO */ = {
			isa = PBXGroup;
			children = (
				CC1EBC7429CFC7C400C43EF0 /* ServiceNetworkDTO.swift */,
				CC0608D329D88CF1005A815C /* ServiceListNetworkDTO.swift */,
			);
			path = DTO;
			sourceTree = "<group>";
		};
		CC1EBC7D29CFDB3200C43EF0 /* Interactors */ = {
			isa = PBXGroup;
			children = (
				CC1EBC7E29CFDB4B00C43EF0 /* ServiceListInteractor.swift */,
			);
			path = Interactors;
			sourceTree = "<group>";
		};
		CC1EBC8029CFDEB800C43EF0 /* Formatters */ = {
			isa = PBXGroup;
			children = (
				CC1EBC8129CFDF3100C43EF0 /* ServiceListFormatter.swift */,
				CC1EBC8329CFDFCF00C43EF0 /* ServiceListErrorFormatter.swift */,
			);
			path = Formatters;
			sourceTree = "<group>";
		};
		CC1EBC8529CFE4F400C43EF0 /* Views */ = {
			isa = PBXGroup;
			children = (
				CC5E123529C78D930085324A /* ServiceListView.swift */,
				CC1EBC8D29D07E0000C43EF0 /* ServiceView.swift */,
				CC1EBC8F29D0B60E00C43EF0 /* ServicePlaceholderView.swift */,
				CC0608B629D758D4005A815C /* ServiceSearchView.swift */,
				CCCD15CB29D9C3FC00739C44 /* ServiceSearchPlaceholderView.swift */,
			);
			path = Views;
			sourceTree = "<group>";
		};
		CC1EBC8629CFE77900C43EF0 /* DI */ = {
			isa = PBXGroup;
			children = (
				CC1EBC8729CFE79400C43EF0 /* ServiceListAssembly.swift */,
			);
			path = DI;
			sourceTree = "<group>";
		};
		CC1EBC8929D0703800C43EF0 /* Utils */ = {
			isa = PBXGroup;
			children = (
				CCFE4BC929D3B972006BB842 /* JSON */,
				CC1EBC8A29D0704400C43EF0 /* UI */,
			);
			path = Utils;
			sourceTree = "<group>";
		};
		CC1EBC8A29D0704400C43EF0 /* UI */ = {
			isa = PBXGroup;
			children = (
				CC1EBC8B29D0705000C43EF0 /* ShimmerEffect.swift */,
			);
			path = UI;
			sourceTree = "<group>";
		};
		CC1EBC9329D0CC0000C43EF0 /* Reducers */ = {
			isa = PBXGroup;
			children = (
				CC1EBC9729D0CC5000C43EF0 /* ServiceListReducer.swift */,
			);
			path = Reducers;
			sourceTree = "<group>";
		};
		CC1EBC9429D0CC0700C43EF0 /* Processors */ = {
			isa = PBXGroup;
			children = (
				CC1EBC9529D0CC3700C43EF0 /* ServiceListProcessor.swift */,
			);
			path = Processors;
			sourceTree = "<group>";
		};
		CC5E122729C78D930085324A = {
			isa = PBXGroup;
			children = (
				CC5E123229C78D930085324A /* GetSms */,
				CC5E123129C78D930085324A /* Products */,
				CC1EBC5029CFAA9300C43EF0 /* Frameworks */,
			);
			sourceTree = "<group>";
		};
		CC5E123129C78D930085324A /* Products */ = {
			isa = PBXGroup;
			children = (
				CC5E123029C78D930085324A /* GetSms.app */,
			);
			name = Products;
			sourceTree = "<group>";
		};
		CC5E123229C78D930085324A /* GetSms */ = {
			isa = PBXGroup;
			children = (
				A8C9880729D9CB7B000D1249 /* Core */,
				CC9E158129CF8CDF00237F71 /* Common */,
				CC9E158029CF8CD400237F71 /* Features */,
				CC5E123329C78D930085324A /* GetSmsApp.swift */,
				CC5E123729C78D940085324A /* Assets.xcassets */,
				CC5E123929C78D940085324A /* Preview Content */,
			);
			path = GetSms;
			sourceTree = "<group>";
		};
		CC5E123929C78D940085324A /* Preview Content */ = {
			isa = PBXGroup;
			children = (
				CC5E123A29C78D940085324A /* Preview Assets.xcassets */,
			);
			path = "Preview Content";
			sourceTree = "<group>";
		};
		CC9E158029CF8CD400237F71 /* Features */ = {
			isa = PBXGroup;
			children = (
				CCCD15CF29D9DD0D00739C44 /* Auth */,
				CC0608D529D89439005A815C /* CountryList */,
				CC9E158D29CF8E1F00237F71 /* ServiceList */,
			);
			path = Features;
			sourceTree = "<group>";
		};
		CC9E158129CF8CDF00237F71 /* Common */ = {
			isa = PBXGroup;
			children = (
				CCCE956329E1F319007B4D0D /* Web */,
				CC1EBC8929D0703800C43EF0 /* Utils */,
				CCFE4BCC29D74769006BB842 /* Data */,
				CC9E158229CF8CF000237F71 /* Presentation */,
			);
			path = Common;
			sourceTree = "<group>";
		};
		CC9E158229CF8CF000237F71 /* Presentation */ = {
			isa = PBXGroup;
			children = (
				CC9E158929CF8DDE00237F71 /* Reducer.swift */,
				CC9E158B29CF8DEF00237F71 /* Processor.swift */,
				CC1EBC9929D0DAB000C43EF0 /* Handler.swift */,
			);
			path = Presentation;
			sourceTree = "<group>";
		};
		CC9E158329CF8D2D00237F71 /* Workers */ = {
			isa = PBXGroup;
			children = (
				CC9E158429CF8D3400237F71 /* Network */,
			);
			path = Workers;
			sourceTree = "<group>";
		};
		CC9E158429CF8D3400237F71 /* Network */ = {
			isa = PBXGroup;
			children = (
				CC9E158729CF8DA800237F71 /* NetworkWorker.swift */,
			);
			path = Network;
			sourceTree = "<group>";
		};
		CC9E158D29CF8E1F00237F71 /* ServiceList */ = {
			isa = PBXGroup;
			children = (
				CC1EBC8629CFE77900C43EF0 /* DI */,
				CC1EBC6629CFBA1B00C43EF0 /* Data */,
				CC9E158F29CF8E3000237F71 /* Domain */,
				CC9E158E29CF8E2700237F71 /* Presentation */,
			);
			path = ServiceList;
			sourceTree = "<group>";
		};
		CC9E158E29CF8E2700237F71 /* Presentation */ = {
			isa = PBXGroup;
			children = (
				CC1EBC9329D0CC0000C43EF0 /* Reducers */,
				CC1EBC8529CFE4F400C43EF0 /* Views */,
				CC1EBC8029CFDEB800C43EF0 /* Formatters */,
				CC1EBC6129CFADCA00C43EF0 /* VO */,
				CC9E15A429CF940C00237F71 /* States */,
				CC9E159229CF90CF00237F71 /* ViewModels */,
			);
			path = Presentation;
			sourceTree = "<group>";
		};
		CC9E158F29CF8E3000237F71 /* Domain */ = {
			isa = PBXGroup;
			children = (
				CC9E15A629CF942F00237F71 /* Intents */,
				CC1EBC9429D0CC0700C43EF0 /* Processors */,
				CC1EBC7D29CFDB3200C43EF0 /* Interactors */,
				CC9E159F29CF933A00237F71 /* Models */,
			);
			path = Domain;
			sourceTree = "<group>";
		};
		CC9E159229CF90CF00237F71 /* ViewModels */ = {
			isa = PBXGroup;
			children = (
				CC9E15A729CF944C00237F71 /* ServiceListViewModel.swift */,
			);
			path = ViewModels;
			sourceTree = "<group>";
		};
		CC9E159F29CF933A00237F71 /* Models */ = {
			isa = PBXGroup;
			children = (
				CC9E15A029CF93D900237F71 /* Service.swift */,
				CC9E15A229CF93F400237F71 /* ServiceList.swift */,
			);
			path = Models;
			sourceTree = "<group>";
		};
		CC9E15A429CF940C00237F71 /* States */ = {
			isa = PBXGroup;
			children = (
				CC9E15A929CF949500237F71 /* ServiceListState.swift */,
			);
			path = States;
			sourceTree = "<group>";
		};
		CC9E15A629CF942F00237F71 /* Intents */ = {
			isa = PBXGroup;
			children = (
				CC9E15AB29CF94BE00237F71 /* ServiceListIntent.swift */,
			);
			path = Intents;
			sourceTree = "<group>";
		};
		CCCD15CF29D9DD0D00739C44 /* Auth */ = {
			isa = PBXGroup;
			children = (
				CCCE959029E2FDB9007B4D0D /* Domain */,
				CCCE958029E2E0E3007B4D0D /* DI */,
				CCCE957C29E2CADB007B4D0D /* Web */,
				CCCD15D229D9DD5500739C44 /* Presentation */,
			);
			path = Auth;
			sourceTree = "<group>";
		};
		CCCD15D229D9DD5500739C44 /* Presentation */ = {
			isa = PBXGroup;
			children = (
				CCCE959A29E2FF7E007B4D0D /* Reducers */,
				CCCE958A29E2FD01007B4D0D /* States */,
				CCCD15DA29D9DE0400739C44 /* Views */,
				CCCD15D429D9DD6E00739C44 /* ViewModels */,
				CCCE959D29E300BE007B4D0D /* AuthVO.swift */,
			);
			path = Presentation;
			sourceTree = "<group>";
		};
		CCCD15D429D9DD6E00739C44 /* ViewModels */ = {
			isa = PBXGroup;
			children = (
				CCCD15D829D9DDFA00739C44 /* AuthViewModel.swift */,
			);
			path = ViewModels;
			sourceTree = "<group>";
		};
		CCCD15D729D9DDB000739C44 /* Navigation */ = {
			isa = PBXGroup;
			children = (
				CCCE958329E2E935007B4D0D /* ContentView.swift */,
			);
			path = Navigation;
			sourceTree = "<group>";
		};
		CCCD15DA29D9DE0400739C44 /* Views */ = {
			isa = PBXGroup;
			children = (
				CCCD15DB29D9E27E00739C44 /* AuthView.swift */,
				CCCE959F29E327E9007B4D0D /* AuthBlockingLoadingView.swift */,
			);
			path = Views;
			sourceTree = "<group>";
		};
		CCCE956329E1F319007B4D0D /* Web */ = {
			isa = PBXGroup;
			children = (
				CCCE956829E1F6B5007B4D0D /* DI */,
				CCCE956529E1F34C007B4D0D /* Domain */,
				CCCE956429E1F324007B4D0D /* Presentation */,
			);
			path = Web;
			sourceTree = "<group>";
		};
		CCCE956429E1F324007B4D0D /* Presentation */ = {
			isa = PBXGroup;
			children = (
				CCCE956729E1F6A9007B4D0D /* ViewModels */,
				CCCE956629E1F615007B4D0D /* Views */,
				CCCD15E329DA0D8400739C44 /* URLType.swift */,
			);
			path = Presentation;
			sourceTree = "<group>";
		};
		CCCE956529E1F34C007B4D0D /* Domain */ = {
			isa = PBXGroup;
			children = (
				CCCE957529E20362007B4D0D /* Processors */,
				CCCE957429E20356007B4D0D /* Intents */,
			);
			path = Domain;
			sourceTree = "<group>";
		};
		CCCE956629E1F615007B4D0D /* Views */ = {
			isa = PBXGroup;
			children = (
				CCCD15DE29D9E32000739C44 /* WebContentView.swift */,
				CCCD15E529DA1CAE00739C44 /* WebNavigationView.swift */,
				CCCE957A29E221AB007B4D0D /* WebView.swift */,
			);
			path = Views;
			sourceTree = "<group>";
		};
		CCCE956729E1F6A9007B4D0D /* ViewModels */ = {
			isa = PBXGroup;
			children = (
				CCCE956B29E1F7BC007B4D0D /* WebViewModel.swift */,
			);
			path = ViewModels;
			sourceTree = "<group>";
		};
		CCCE956829E1F6B5007B4D0D /* DI */ = {
			isa = PBXGroup;
			children = (
				CCCE956929E1F6C7007B4D0D /* WebAssembly.swift */,
			);
			path = DI;
			sourceTree = "<group>";
		};
		CCCE957429E20356007B4D0D /* Intents */ = {
			isa = PBXGroup;
			children = (
				CCCD15E129D9E80400739C44 /* WebIntent.swift */,
			);
			path = Intents;
			sourceTree = "<group>";
		};
		CCCE957529E20362007B4D0D /* Processors */ = {
			isa = PBXGroup;
			children = (
				CCCE957629E20381007B4D0D /* WebProcessor.swift */,
			);
			path = Processors;
			sourceTree = "<group>";
		};
		CCCE957C29E2CADB007B4D0D /* Web */ = {
			isa = PBXGroup;
			children = (
				CCCE957D29E2CAF3007B4D0D /* AuthWebScripts.swift */,
			);
			path = Web;
			sourceTree = "<group>";
		};
		CCCE958029E2E0E3007B4D0D /* DI */ = {
			isa = PBXGroup;
			children = (
				CCCE958129E2E11D007B4D0D /* AuthAssembly.swift */,
			);
			path = DI;
			sourceTree = "<group>";
		};
		CCCE958A29E2FD01007B4D0D /* States */ = {
			isa = PBXGroup;
			children = (
				CCCE958E29E2FD65007B4D0D /* AuthState.swift */,
			);
			path = States;
			sourceTree = "<group>";
		};
		CCCE959029E2FDB9007B4D0D /* Domain */ = {
			isa = PBXGroup;
			children = (
				CCCE959529E2FE1A007B4D0D /* Models */,
				CCCE959229E2FDC8007B4D0D /* Intents */,
				CCCE959129E2FDBF007B4D0D /* Processors */,
			);
			path = Domain;
			sourceTree = "<group>";
		};
		CCCE959129E2FDBF007B4D0D /* Processors */ = {
			isa = PBXGroup;
			children = (
				CCCE959829E2FE75007B4D0D /* AuthProcessor.swift */,
			);
			path = Processors;
			sourceTree = "<group>";
		};
		CCCE959229E2FDC8007B4D0D /* Intents */ = {
			isa = PBXGroup;
			children = (
				CCCE959329E2FDD1007B4D0D /* AuthIntent.swift */,
			);
			path = Intents;
			sourceTree = "<group>";
		};
		CCCE959529E2FE1A007B4D0D /* Models */ = {
			isa = PBXGroup;
			children = (
				CCCE959629E2FE25007B4D0D /* AuthModel.swift */,
			);
			path = Models;
			sourceTree = "<group>";
		};
		CCCE959A29E2FF7E007B4D0D /* Reducers */ = {
			isa = PBXGroup;
			children = (
				CCCE959B29E2FF8B007B4D0D /* AuthReducer.swift */,
			);
			path = Reducers;
			sourceTree = "<group>";
		};
		CCFE4BC929D3B972006BB842 /* JSON */ = {
			isa = PBXGroup;
			children = (
				CCFE4BCA29D3B9E5006BB842 /* JSON.swift */,
				CC0608D129D887AC005A815C /* JSONExtractor.swift */,
			);
			path = JSON;
			sourceTree = "<group>";
		};
		CCFE4BCC29D74769006BB842 /* Data */ = {
			isa = PBXGroup;
			children = (
				CC9E158329CF8D2D00237F71 /* Workers */,
			);
			path = Data;
			sourceTree = "<group>";
		};
/* End PBXGroup section */

/* Begin PBXNativeTarget section */
		CC5E122F29C78D930085324A /* GetSms */ = {
			isa = PBXNativeTarget;
			buildConfigurationList = CC5E123E29C78D940085324A /* Build configuration list for PBXNativeTarget "GetSms" */;
			buildPhases = (
				CC5E122C29C78D930085324A /* Sources */,
				CC5E122D29C78D930085324A /* Frameworks */,
				CC5E122E29C78D930085324A /* Resources */,
				CC1EBC6029CFAA9400C43EF0 /* Embed Frameworks */,
			);
			buildRules = (
			);
			dependencies = (
			);
			name = GetSms;
			packageProductDependencies = (
				CCFE4BC229D366CA006BB842 /* RxRelay */,
				CCFE4BC429D366CA006BB842 /* RxSwift */,
			);
			productName = GetSms;
			productReference = CC5E123029C78D930085324A /* GetSms.app */;
			productType = "com.apple.product-type.application";
		};
/* End PBXNativeTarget section */

/* Begin PBXProject section */
		CC5E122829C78D930085324A /* Project object */ = {
			isa = PBXProject;
			attributes = {
				BuildIndependentTargetsInParallel = 1;
				LastSwiftUpdateCheck = 1410;
				LastUpgradeCheck = 1410;
				TargetAttributes = {
					CC5E122F29C78D930085324A = {
						CreatedOnToolsVersion = 14.1;
					};
				};
			};
			buildConfigurationList = CC5E122B29C78D930085324A /* Build configuration list for PBXProject "GetSms" */;
			compatibilityVersion = "Xcode 14.0";
			developmentRegion = en;
			hasScannedForEncodings = 0;
			knownRegions = (
				en,
				Base,
			);
			mainGroup = CC5E122729C78D930085324A;
			packageReferences = (
				CCFE4BC129D366CA006BB842 /* XCRemoteSwiftPackageReference "RxSwift" */,
			);
			productRefGroup = CC5E123129C78D930085324A /* Products */;
			projectDirPath = "";
			projectRoot = "";
			targets = (
				CC5E122F29C78D930085324A /* GetSms */,
			);
		};
/* End PBXProject section */

/* Begin PBXResourcesBuildPhase section */
		CC5E122E29C78D930085324A /* Resources */ = {
			isa = PBXResourcesBuildPhase;
			buildActionMask = 2147483647;
			files = (
				CC5E123B29C78D940085324A /* Preview Assets.xcassets in Resources */,
				CC5E123829C78D940085324A /* Assets.xcassets in Resources */,
			);
			runOnlyForDeploymentPostprocessing = 0;
		};
/* End PBXResourcesBuildPhase section */

/* Begin PBXSourcesBuildPhase section */
		CC5E122C29C78D930085324A /* Sources */ = {
			isa = PBXSourcesBuildPhase;
			buildActionMask = 2147483647;
			files = (
				CCCE957B29E221AB007B4D0D /* WebView.swift in Sources */,
				CC0608FD29D89891005A815C /* CountryList.swift in Sources */,
				CC1EBC7529CFC7C400C43EF0 /* ServiceNetworkDTO.swift in Sources */,
				CC0608F129D89704005A815C /* CountryListFormatter.swift in Sources */,
				CC1EBC8429CFDFCF00C43EF0 /* ServiceListErrorFormatter.swift in Sources */,
				CCFE4BCB29D3B9E5006BB842 /* JSON.swift in Sources */,
				CC0608EB29D896E6005A815C /* CountryListViewModel.swift in Sources */,
				CC1EBC7F29CFDB4B00C43EF0 /* ServiceListInteractor.swift in Sources */,
				CC0608D229D887AC005A815C /* JSONExtractor.swift in Sources */,
				CC1EBC6529CFB89F00C43EF0 /* ServiceVO.swift in Sources */,
				CCCE958F29E2FD66007B4D0D /* AuthState.swift in Sources */,
				CC9E158C29CF8DEF00237F71 /* Processor.swift in Sources */,
				CC1EBC8E29D07E0000C43EF0 /* ServiceView.swift in Sources */,
				CC0608E229D89668005A815C /* CountryListNetworkMapper.swift in Sources */,
				CC9E15AA29CF949500237F71 /* ServiceListState.swift in Sources */,
				CCCE956C29E1F7BC007B4D0D /* WebViewModel.swift in Sources */,
				CC1EBC7729CFC95400C43EF0 /* ServiceListNetworkMapper.swift in Sources */,
				CC0608FB29D89833005A815C /* Country.swift in Sources */,
				CCCE958429E2E935007B4D0D /* ContentView.swift in Sources */,
				CC1EBC9629D0CC3700C43EF0 /* ServiceListProcessor.swift in Sources */,
				CCCE956A29E1F6C7007B4D0D /* WebAssembly.swift in Sources */,
				CC1EBC9829D0CC5000C43EF0 /* ServiceListReducer.swift in Sources */,
				CC0608DB29D895D1005A815C /* CountryListAssembly.swift in Sources */,
				CCCD15C929D9054E00739C44 /* CountryListDropdownView.swift in Sources */,
				CC0608D429D88CF1005A815C /* ServiceListNetworkDTO.swift in Sources */,
				CC0608ED29D896ED005A815C /* CountryListState.swift in Sources */,
				CCCD15DF29D9E32000739C44 /* WebContentView.swift in Sources */,
				CCCD15CE29D9DC9F00739C44 /* AuthScreen.swift in Sources */,
				CC9E15A829CF944C00237F71 /* ServiceListViewModel.swift in Sources */,
				CC1EBC8829CFE79400C43EF0 /* ServiceListAssembly.swift in Sources */,
				CCCE959E29E300BE007B4D0D /* AuthVO.swift in Sources */,
				CCCD15D929D9DDFA00739C44 /* AuthViewModel.swift in Sources */,
				CC06090529D8A1C3005A815C /* CountryListNetworkDTO.swift in Sources */,
				CC9E15A329CF93F400237F71 /* ServiceList.swift in Sources */,
				CC0608EF29D896F8005A815C /* CountryListVO.swift in Sources */,
				CC9E15A129CF93D900237F71 /* Service.swift in Sources */,
				CCCE95A029E327E9007B4D0D /* AuthBlockingLoadingView.swift in Sources */,
				CCCD15DC29D9E27E00739C44 /* AuthView.swift in Sources */,
				CC5E123629C78D930085324A /* ServiceListView.swift in Sources */,
				CC1EBC9029D0B60E00C43EF0 /* ServicePlaceholderView.swift in Sources */,
				CC9E158829CF8DA800237F71 /* NetworkWorker.swift in Sources */,
				CC0608F329D89718005A815C /* CountryListView.swift in Sources */,
				CCCD15E229D9E80400739C44 /* WebIntent.swift in Sources */,
				CCCE958229E2E11E007B4D0D /* AuthAssembly.swift in Sources */,
				A8C9880B29D9CBB3000D1249 /* ServiceListScreen.swift in Sources */,
				CC1EBC8C29D0705000C43EF0 /* ShimmerEffect.swift in Sources */,
				CC9E158A29CF8DDE00237F71 /* Reducer.swift in Sources */,
				CC06090D29D8C256005A815C /* CountryVO.swift in Sources */,
				CC06090B29D8BAE3005A815C /* CountryListErrorFormatter.swift in Sources */,
				CC06090129D89D28005A815C /* CountryListProcessor.swift in Sources */,
				CC0608B729D758D4005A815C /* ServiceSearchView.swift in Sources */,
				CC06090929D8B0E9005A815C /* CountryListErrorVO.swift in Sources */,
				CCCE957E29E2CAF3007B4D0D /* AuthWebScripts.swift in Sources */,
				CC1EBC6F29CFBAAD00C43EF0 /* ServiceListNetworkWorker.swift in Sources */,
				CC06090729D8A1CF005A815C /* CountryNetworkDTO.swift in Sources */,
				CC0608BB29D78842005A815C /* ServiceListCacheWorker.swift in Sources */,
				CC1EBC7929CFD8F500C43EF0 /* ServiceListErrorVO.swift in Sources */,
				CCCD15C729D8FBA800739C44 /* CountryPlaceholderView.swift in Sources */,
				CC9E15AC29CF94BE00237F71 /* ServiceListIntent.swift in Sources */,
				CC0608FF29D89D1D005A815C /* CountryListInteractor.swift in Sources */,
				CCCD15E629DA1CAE00739C44 /* WebNavigationView.swift in Sources */,
				CCCE957729E20381007B4D0D /* WebProcessor.swift in Sources */,
				CCCD15E429DA0D8400739C44 /* URLType.swift in Sources */,
				CCCD15CC29D9C3FC00739C44 /* ServiceSearchPlaceholderView.swift in Sources */,
				CCCE959429E2FDD1007B4D0D /* AuthIntent.swift in Sources */,
				CC1EBC8229CFDF3100C43EF0 /* ServiceListFormatter.swift in Sources */,
				CC1EBC9A29D0DAB000C43EF0 /* Handler.swift in Sources */,
				CCCE959C29E2FF8B007B4D0D /* AuthReducer.swift in Sources */,
				CC06090329D89D35005A815C /* CountryListIntent.swift in Sources */,
				CC0608F529D89722005A815C /* CountryListReducer.swift in Sources */,
				CC0608E429D8967D005A815C /* CountryListNetworkWorker.swift in Sources */,
				CC1EBC6329CFADDF00C43EF0 /* ServiceListVO.swift in Sources */,
				CCCE959929E2FE75007B4D0D /* AuthProcessor.swift in Sources */,
				CC5E123429C78D930085324A /* GetSmsApp.swift in Sources */,
				CCCE959729E2FE25007B4D0D /* AuthModel.swift in Sources */,
				CCCD15C329D8D5AA00739C44 /* CountryView.swift in Sources */,
			);
			runOnlyForDeploymentPostprocessing = 0;
		};
/* End PBXSourcesBuildPhase section */

/* Begin XCBuildConfiguration section */
		CC5E123C29C78D940085324A /* Debug */ = {
			isa = XCBuildConfiguration;
			buildSettings = {
				ALWAYS_SEARCH_USER_PATHS = NO;
				CLANG_ANALYZER_NONNULL = YES;
				CLANG_ANALYZER_NUMBER_OBJECT_CONVERSION = YES_AGGRESSIVE;
				CLANG_CXX_LANGUAGE_STANDARD = "gnu++20";
				CLANG_ENABLE_MODULES = YES;
				CLANG_ENABLE_OBJC_ARC = YES;
				CLANG_ENABLE_OBJC_WEAK = YES;
				CLANG_WARN_BLOCK_CAPTURE_AUTORELEASING = YES;
				CLANG_WARN_BOOL_CONVERSION = YES;
				CLANG_WARN_COMMA = YES;
				CLANG_WARN_CONSTANT_CONVERSION = YES;
				CLANG_WARN_DEPRECATED_OBJC_IMPLEMENTATIONS = YES;
				CLANG_WARN_DIRECT_OBJC_ISA_USAGE = YES_ERROR;
				CLANG_WARN_DOCUMENTATION_COMMENTS = YES;
				CLANG_WARN_EMPTY_BODY = YES;
				CLANG_WARN_ENUM_CONVERSION = YES;
				CLANG_WARN_INFINITE_RECURSION = YES;
				CLANG_WARN_INT_CONVERSION = YES;
				CLANG_WARN_NON_LITERAL_NULL_CONVERSION = YES;
				CLANG_WARN_OBJC_IMPLICIT_RETAIN_SELF = YES;
				CLANG_WARN_OBJC_LITERAL_CONVERSION = YES;
				CLANG_WARN_OBJC_ROOT_CLASS = YES_ERROR;
				CLANG_WARN_QUOTED_INCLUDE_IN_FRAMEWORK_HEADER = YES;
				CLANG_WARN_RANGE_LOOP_ANALYSIS = YES;
				CLANG_WARN_STRICT_PROTOTYPES = YES;
				CLANG_WARN_SUSPICIOUS_MOVE = YES;
				CLANG_WARN_UNGUARDED_AVAILABILITY = YES_AGGRESSIVE;
				CLANG_WARN_UNREACHABLE_CODE = YES;
				CLANG_WARN__DUPLICATE_METHOD_MATCH = YES;
				COPY_PHASE_STRIP = NO;
				DEBUG_INFORMATION_FORMAT = dwarf;
				ENABLE_STRICT_OBJC_MSGSEND = YES;
				ENABLE_TESTABILITY = YES;
				GCC_C_LANGUAGE_STANDARD = gnu11;
				GCC_DYNAMIC_NO_PIC = NO;
				GCC_NO_COMMON_BLOCKS = YES;
				GCC_OPTIMIZATION_LEVEL = 0;
				GCC_PREPROCESSOR_DEFINITIONS = (
					"DEBUG=1",
					"$(inherited)",
				);
				GCC_WARN_64_TO_32_BIT_CONVERSION = YES;
				GCC_WARN_ABOUT_RETURN_TYPE = YES_ERROR;
				GCC_WARN_UNDECLARED_SELECTOR = YES;
				GCC_WARN_UNINITIALIZED_AUTOS = YES_AGGRESSIVE;
				GCC_WARN_UNUSED_FUNCTION = YES;
				GCC_WARN_UNUSED_VARIABLE = YES;
				IPHONEOS_DEPLOYMENT_TARGET = 16.1;
				MTL_ENABLE_DEBUG_INFO = INCLUDE_SOURCE;
				MTL_FAST_MATH = YES;
				ONLY_ACTIVE_ARCH = YES;
				SDKROOT = iphoneos;
				SWIFT_ACTIVE_COMPILATION_CONDITIONS = DEBUG;
				SWIFT_OPTIMIZATION_LEVEL = "-Onone";
			};
			name = Debug;
		};
		CC5E123D29C78D940085324A /* Release */ = {
			isa = XCBuildConfiguration;
			buildSettings = {
				ALWAYS_SEARCH_USER_PATHS = NO;
				CLANG_ANALYZER_NONNULL = YES;
				CLANG_ANALYZER_NUMBER_OBJECT_CONVERSION = YES_AGGRESSIVE;
				CLANG_CXX_LANGUAGE_STANDARD = "gnu++20";
				CLANG_ENABLE_MODULES = YES;
				CLANG_ENABLE_OBJC_ARC = YES;
				CLANG_ENABLE_OBJC_WEAK = YES;
				CLANG_WARN_BLOCK_CAPTURE_AUTORELEASING = YES;
				CLANG_WARN_BOOL_CONVERSION = YES;
				CLANG_WARN_COMMA = YES;
				CLANG_WARN_CONSTANT_CONVERSION = YES;
				CLANG_WARN_DEPRECATED_OBJC_IMPLEMENTATIONS = YES;
				CLANG_WARN_DIRECT_OBJC_ISA_USAGE = YES_ERROR;
				CLANG_WARN_DOCUMENTATION_COMMENTS = YES;
				CLANG_WARN_EMPTY_BODY = YES;
				CLANG_WARN_ENUM_CONVERSION = YES;
				CLANG_WARN_INFINITE_RECURSION = YES;
				CLANG_WARN_INT_CONVERSION = YES;
				CLANG_WARN_NON_LITERAL_NULL_CONVERSION = YES;
				CLANG_WARN_OBJC_IMPLICIT_RETAIN_SELF = YES;
				CLANG_WARN_OBJC_LITERAL_CONVERSION = YES;
				CLANG_WARN_OBJC_ROOT_CLASS = YES_ERROR;
				CLANG_WARN_QUOTED_INCLUDE_IN_FRAMEWORK_HEADER = YES;
				CLANG_WARN_RANGE_LOOP_ANALYSIS = YES;
				CLANG_WARN_STRICT_PROTOTYPES = YES;
				CLANG_WARN_SUSPICIOUS_MOVE = YES;
				CLANG_WARN_UNGUARDED_AVAILABILITY = YES_AGGRESSIVE;
				CLANG_WARN_UNREACHABLE_CODE = YES;
				CLANG_WARN__DUPLICATE_METHOD_MATCH = YES;
				COPY_PHASE_STRIP = NO;
				DEBUG_INFORMATION_FORMAT = "dwarf-with-dsym";
				ENABLE_NS_ASSERTIONS = NO;
				ENABLE_STRICT_OBJC_MSGSEND = YES;
				GCC_C_LANGUAGE_STANDARD = gnu11;
				GCC_NO_COMMON_BLOCKS = YES;
				GCC_WARN_64_TO_32_BIT_CONVERSION = YES;
				GCC_WARN_ABOUT_RETURN_TYPE = YES_ERROR;
				GCC_WARN_UNDECLARED_SELECTOR = YES;
				GCC_WARN_UNINITIALIZED_AUTOS = YES_AGGRESSIVE;
				GCC_WARN_UNUSED_FUNCTION = YES;
				GCC_WARN_UNUSED_VARIABLE = YES;
				IPHONEOS_DEPLOYMENT_TARGET = 16.1;
				MTL_ENABLE_DEBUG_INFO = NO;
				MTL_FAST_MATH = YES;
				SDKROOT = iphoneos;
				SWIFT_COMPILATION_MODE = wholemodule;
				SWIFT_OPTIMIZATION_LEVEL = "-O";
				VALIDATE_PRODUCT = YES;
			};
			name = Release;
		};
		CC5E123F29C78D940085324A /* Debug */ = {
			isa = XCBuildConfiguration;
			buildSettings = {
				ASSETCATALOG_COMPILER_APPICON_NAME = AppIcon;
				ASSETCATALOG_COMPILER_GLOBAL_ACCENT_COLOR_NAME = AccentColor;
				CODE_SIGN_STYLE = Automatic;
				CURRENT_PROJECT_VERSION = 1;
				DEVELOPMENT_ASSET_PATHS = "GetSms/Preview\\ Content";
				DEVELOPMENT_TEAM = 7JCTFR9C8T;
				ENABLE_PREVIEWS = YES;
				GENERATE_INFOPLIST_FILE = YES;
				INFOPLIST_KEY_UIApplicationSceneManifest_Generation = YES;
				INFOPLIST_KEY_UIApplicationSupportsIndirectInputEvents = YES;
				INFOPLIST_KEY_UILaunchScreen_Generation = YES;
				INFOPLIST_KEY_UISupportedInterfaceOrientations_iPad = "UIInterfaceOrientationPortrait UIInterfaceOrientationPortraitUpsideDown UIInterfaceOrientationLandscapeLeft UIInterfaceOrientationLandscapeRight";
				INFOPLIST_KEY_UISupportedInterfaceOrientations_iPhone = "UIInterfaceOrientationPortrait UIInterfaceOrientationLandscapeLeft UIInterfaceOrientationLandscapeRight";
				IPHONEOS_DEPLOYMENT_TARGET = 15.0;
				LD_RUNPATH_SEARCH_PATHS = (
					"$(inherited)",
					"@executable_path/Frameworks",
				);
				MARKETING_VERSION = 1.0;
				PRODUCT_BUNDLE_IDENTIFIER = com.pyroman.GetSms;
				PRODUCT_NAME = "$(TARGET_NAME)";
				SWIFT_EMIT_LOC_STRINGS = YES;
				SWIFT_VERSION = 5.0;
				TARGETED_DEVICE_FAMILY = "1,2";
			};
			name = Debug;
		};
		CC5E124029C78D940085324A /* Release */ = {
			isa = XCBuildConfiguration;
			buildSettings = {
				ASSETCATALOG_COMPILER_APPICON_NAME = AppIcon;
				ASSETCATALOG_COMPILER_GLOBAL_ACCENT_COLOR_NAME = AccentColor;
				CODE_SIGN_STYLE = Automatic;
				CURRENT_PROJECT_VERSION = 1;
				DEVELOPMENT_ASSET_PATHS = "GetSms/Preview\\ Content";
				DEVELOPMENT_TEAM = 7JCTFR9C8T;
				ENABLE_PREVIEWS = YES;
				GENERATE_INFOPLIST_FILE = YES;
				INFOPLIST_KEY_UIApplicationSceneManifest_Generation = YES;
				INFOPLIST_KEY_UIApplicationSupportsIndirectInputEvents = YES;
				INFOPLIST_KEY_UILaunchScreen_Generation = YES;
				INFOPLIST_KEY_UISupportedInterfaceOrientations_iPad = "UIInterfaceOrientationPortrait UIInterfaceOrientationPortraitUpsideDown UIInterfaceOrientationLandscapeLeft UIInterfaceOrientationLandscapeRight";
				INFOPLIST_KEY_UISupportedInterfaceOrientations_iPhone = "UIInterfaceOrientationPortrait UIInterfaceOrientationLandscapeLeft UIInterfaceOrientationLandscapeRight";
				IPHONEOS_DEPLOYMENT_TARGET = 15.0;
				LD_RUNPATH_SEARCH_PATHS = (
					"$(inherited)",
					"@executable_path/Frameworks",
				);
				MARKETING_VERSION = 1.0;
				PRODUCT_BUNDLE_IDENTIFIER = com.pyroman.GetSms;
				PRODUCT_NAME = "$(TARGET_NAME)";
				SWIFT_EMIT_LOC_STRINGS = YES;
				SWIFT_VERSION = 5.0;
				TARGETED_DEVICE_FAMILY = "1,2";
			};
			name = Release;
		};
/* End XCBuildConfiguration section */

/* Begin XCConfigurationList section */
		CC5E122B29C78D930085324A /* Build configuration list for PBXProject "GetSms" */ = {
			isa = XCConfigurationList;
			buildConfigurations = (
				CC5E123C29C78D940085324A /* Debug */,
				CC5E123D29C78D940085324A /* Release */,
			);
			defaultConfigurationIsVisible = 0;
			defaultConfigurationName = Release;
		};
		CC5E123E29C78D940085324A /* Build configuration list for PBXNativeTarget "GetSms" */ = {
			isa = XCConfigurationList;
			buildConfigurations = (
				CC5E123F29C78D940085324A /* Debug */,
				CC5E124029C78D940085324A /* Release */,
			);
			defaultConfigurationIsVisible = 0;
			defaultConfigurationName = Release;
		};
/* End XCConfigurationList section */

/* Begin XCRemoteSwiftPackageReference section */
		CCFE4BC129D366CA006BB842 /* XCRemoteSwiftPackageReference "RxSwift" */ = {
			isa = XCRemoteSwiftPackageReference;
			repositoryURL = "https://github.com/ReactiveX/RxSwift";
			requirement = {
				kind = upToNextMajorVersion;
				minimumVersion = 6.0.0;
			};
		};
/* End XCRemoteSwiftPackageReference section */

/* Begin XCSwiftPackageProductDependency section */
		CCFE4BC229D366CA006BB842 /* RxRelay */ = {
			isa = XCSwiftPackageProductDependency;
			package = CCFE4BC129D366CA006BB842 /* XCRemoteSwiftPackageReference "RxSwift" */;
			productName = RxRelay;
		};
		CCFE4BC429D366CA006BB842 /* RxSwift */ = {
			isa = XCSwiftPackageProductDependency;
			package = CCFE4BC129D366CA006BB842 /* XCRemoteSwiftPackageReference "RxSwift" */;
			productName = RxSwift;
		};
/* End XCSwiftPackageProductDependency section */
	};
	rootObject = CC5E122829C78D930085324A /* Project object */;
}
